// !$*UTF8*$!
{
	archiveVersion = 1;
	classes = {
	};
	objectVersion = 46;
	objects = {

/* Begin PBXBuildFile section */
		008BEC7B1ADA0DD30082A1E5 /* User.m in Sources */ = {isa = PBXBuildFile; fileRef = 008BEC7A1ADA0DD30082A1E5 /* User.m */; };
		C90699B11AAE836600E32C54 /* CollectionViewController.m in Sources */ = {isa = PBXBuildFile; fileRef = C90699B01AAE836600E32C54 /* CollectionViewController.m */; };
		C90699B41AAE83A300E32C54 /* SettingViewController.m in Sources */ = {isa = PBXBuildFile; fileRef = C90699B31AAE83A300E32C54 /* SettingViewController.m */; };
		C90699B71AAE83C700E32C54 /* IntegralViewController.m in Sources */ = {isa = PBXBuildFile; fileRef = C90699B61AAE83C700E32C54 /* IntegralViewController.m */; };
		C90699BA1AAE956300E32C54 /* LocationViewController.m in Sources */ = {isa = PBXBuildFile; fileRef = C90699B91AAE956300E32C54 /* LocationViewController.m */; };
		C90699BD1AAE984800E32C54 /* ProjectECell.m in Sources */ = {isa = PBXBuildFile; fileRef = C90699BC1AAE984800E32C54 /* ProjectECell.m */; };
		C90699C11AAE9D2D00E32C54 /* citydict.plist in Resources */ = {isa = PBXBuildFile; fileRef = C90699C01AAE9D2D00E32C54 /* citydict.plist */; };
		C909FC181AA6D72A008E68FB /* InformationCell.m in Sources */ = {isa = PBXBuildFile; fileRef = C909FC171AA6D72A008E68FB /* InformationCell.m */; };
		C909FC1B1AA6E03A008E68FB /* MessageViewController.m in Sources */ = {isa = PBXBuildFile; fileRef = C909FC1A1AA6E03A008E68FB /* MessageViewController.m */; };
		C90BC6971AAC6504001F9902 /* UIButton+TitleImage.m in Sources */ = {isa = PBXBuildFile; fileRef = C90BC6961AAC6504001F9902 /* UIButton+TitleImage.m */; };
		C91115AB1AAC36AF00F56DFE /* ProjectBCell.m in Sources */ = {isa = PBXBuildFile; fileRef = C91115AA1AAC36AF00F56DFE /* ProjectBCell.m */; };
		C91115AE1AAC3AE200F56DFE /* ProjectCCell.m in Sources */ = {isa = PBXBuildFile; fileRef = C91115AD1AAC3AE200F56DFE /* ProjectCCell.m */; };
		C9125AA81AA9FA12001396FF /* Common.m in Sources */ = {isa = PBXBuildFile; fileRef = C9125AA71AA9FA12001396FF /* Common.m */; };
		C91CC7BD1AEBC4E700EAE6CB /* ETFoursquareImages.m in Sources */ = {isa = PBXBuildFile; fileRef = C91CC7BC1AEBC4E700EAE6CB /* ETFoursquareImages.m */; };
		C91D0AE91B0D853A00B6D145 /* UIImage+Transform.m in Sources */ = {isa = PBXBuildFile; fileRef = C91D0AE81B0D853A00B6D145 /* UIImage+Transform.m */; };
		C922D08E1AA444B600F6DBA1 /* HomeViewController.m in Sources */ = {isa = PBXBuildFile; fileRef = C922D08D1AA444B600F6DBA1 /* HomeViewController.m */; };
		C922D0911AA444E100F6DBA1 /* NearbyViewController.m in Sources */ = {isa = PBXBuildFile; fileRef = C922D0901AA444E100F6DBA1 /* NearbyViewController.m */; };
		C922D0941AA444ED00F6DBA1 /* VIPViewController.m in Sources */ = {isa = PBXBuildFile; fileRef = C922D0931AA444ED00F6DBA1 /* VIPViewController.m */; };
		C922D0971AA444FB00F6DBA1 /* MyViewController.m in Sources */ = {isa = PBXBuildFile; fileRef = C922D0961AA444FB00F6DBA1 /* MyViewController.m */; };
		C9265BF71AB2D03D00897CF0 /* HelpDetailViewController.m in Sources */ = {isa = PBXBuildFile; fileRef = C9265BF61AB2D03D00897CF0 /* HelpDetailViewController.m */; };
		C92F8B251B0AD6BE003172B8 /* QZDetailViewController.m in Sources */ = {isa = PBXBuildFile; fileRef = C92F8B241B0AD6BE003172B8 /* QZDetailViewController.m */; };
		C92F8B281B0B1726003172B8 /* STGuideViewController.m in Sources */ = {isa = PBXBuildFile; fileRef = C92F8B271B0B1726003172B8 /* STGuideViewController.m */; };
		C92F8B2E1B0B173D003172B8 /* EAIntroPage.m in Sources */ = {isa = PBXBuildFile; fileRef = C92F8B2B1B0B173D003172B8 /* EAIntroPage.m */; };
		C92F8B2F1B0B173D003172B8 /* EAIntroView.m in Sources */ = {isa = PBXBuildFile; fileRef = C92F8B2D1B0B173D003172B8 /* EAIntroView.m */; };
		C92F8B321B0B1791003172B8 /* SQLiteOperate.m in Sources */ = {isa = PBXBuildFile; fileRef = C92F8B311B0B1791003172B8 /* SQLiteOperate.m */; };
		C92F8B341B0B1859003172B8 /* libsqlite3.dylib in Frameworks */ = {isa = PBXBuildFile; fileRef = C92F8B331B0B1859003172B8 /* libsqlite3.dylib */; };
		C9583FB51AAC89940043548B /* ProjectDCell.m in Sources */ = {isa = PBXBuildFile; fileRef = C9583FB41AAC89940043548B /* ProjectDCell.m */; };
		C9610DD71AB158B100CA8218 /* PublishQiuzuViewController.m in Sources */ = {isa = PBXBuildFile; fileRef = C9610DD61AB158B100CA8218 /* PublishQiuzuViewController.m */; };
		C9610DDA1AB158C700CA8218 /* PublishRentalViewController.m in Sources */ = {isa = PBXBuildFile; fileRef = C9610DD91AB158C700CA8218 /* PublishRentalViewController.m */; };
		C9610DDD1AB158E300CA8218 /* PublishRecruitmentViewController.m in Sources */ = {isa = PBXBuildFile; fileRef = C9610DDC1AB158E300CA8218 /* PublishRecruitmentViewController.m */; };
		C9610DE01AB15A0200CA8218 /* EquipmentViewController.m in Sources */ = {isa = PBXBuildFile; fileRef = C9610DDF1AB15A0200CA8218 /* EquipmentViewController.m */; };
		C989A0091AFC8FE700EC3228 /* SearchViewController.m in Sources */ = {isa = PBXBuildFile; fileRef = C989A0081AFC8FE700EC3228 /* SearchViewController.m */; };
		C989A00C1AFC983300EC3228 /* IntegralVCell.m in Sources */ = {isa = PBXBuildFile; fileRef = C989A00B1AFC983300EC3228 /* IntegralVCell.m */; };
		C99A055E1AAC24F3004E5490 /* ProjectACell.m in Sources */ = {isa = PBXBuildFile; fileRef = C99A055D1AAC24F3004E5490 /* ProjectACell.m */; };
		C99E82FD1AA997B20087D2F4 /* EGORefreshTableHeaderView.m in Sources */ = {isa = PBXBuildFile; fileRef = C99E82ED1AA997B20087D2F4 /* EGORefreshTableHeaderView.m */; settings = {COMPILER_FLAGS = "-fno-objc-arc"; }; };
		C99E82FE1AA997B20087D2F4 /* LoadMoreTableFooterView.m in Sources */ = {isa = PBXBuildFile; fileRef = C99E82EF1AA997B20087D2F4 /* LoadMoreTableFooterView.m */; settings = {COMPILER_FLAGS = "-fno-objc-arc"; }; };
		C99E82FF1AA997B20087D2F4 /* MessageInterceptor.m in Sources */ = {isa = PBXBuildFile; fileRef = C99E82F11AA997B20087D2F4 /* MessageInterceptor.m */; settings = {COMPILER_FLAGS = "-fno-objc-arc"; }; };
		C99E83001AA997B20087D2F4 /* PullTableView.m in Sources */ = {isa = PBXBuildFile; fileRef = C99E82F31AA997B20087D2F4 /* PullTableView.m */; settings = {COMPILER_FLAGS = "-fno-objc-arc"; }; };
		C99E83011AA997B20087D2F4 /* blackArrow.png in Resources */ = {isa = PBXBuildFile; fileRef = C99E82F51AA997B20087D2F4 /* blackArrow.png */; };
		C99E83021AA997B20087D2F4 /* blackArrow@2x.png in Resources */ = {isa = PBXBuildFile; fileRef = C99E82F61AA997B20087D2F4 /* blackArrow@2x.png */; };
		C99E83031AA997B20087D2F4 /* blueArrow.png in Resources */ = {isa = PBXBuildFile; fileRef = C99E82F71AA997B20087D2F4 /* blueArrow.png */; };
		C99E83041AA997B20087D2F4 /* blueArrow@2x.png in Resources */ = {isa = PBXBuildFile; fileRef = C99E82F81AA997B20087D2F4 /* blueArrow@2x.png */; };
		C99E83051AA997B20087D2F4 /* grayArrow.png in Resources */ = {isa = PBXBuildFile; fileRef = C99E82F91AA997B20087D2F4 /* grayArrow.png */; };
		C99E83061AA997B20087D2F4 /* grayArrow@2x.png in Resources */ = {isa = PBXBuildFile; fileRef = C99E82FA1AA997B20087D2F4 /* grayArrow@2x.png */; };
		C99E83071AA997B20087D2F4 /* whiteArrow.png in Resources */ = {isa = PBXBuildFile; fileRef = C99E82FB1AA997B20087D2F4 /* whiteArrow.png */; };
		C99E83081AA997B20087D2F4 /* whiteArrow@2x.png in Resources */ = {isa = PBXBuildFile; fileRef = C99E82FC1AA997B20087D2F4 /* whiteArrow@2x.png */; };
		C99E830B1AA9983D0087D2F4 /* BaseEGOTableViewPullRefreshViewController.m in Sources */ = {isa = PBXBuildFile; fileRef = C99E830A1AA9983D0087D2F4 /* BaseEGOTableViewPullRefreshViewController.m */; };
		C9A82DD81AB0268E0063DF9B /* HomeBannerView.m in Sources */ = {isa = PBXBuildFile; fileRef = C9A82DD71AB0268E0063DF9B /* HomeBannerView.m */; };
		C9A82DDB1AB027C30063DF9B /* HomeCategoryView.m in Sources */ = {isa = PBXBuildFile; fileRef = C9A82DDA1AB027C30063DF9B /* HomeCategoryView.m */; };
		C9A8A1211AFE498400AADEC2 /* page.bundle in Resources */ = {isa = PBXBuildFile; fileRef = C9A8A1201AFE498400AADEC2 /* page.bundle */; };
		C9AF9BEC1AB9231600482049 /* SinglePickerView.m in Sources */ = {isa = PBXBuildFile; fileRef = C9AF9BEB1AB9231600482049 /* SinglePickerView.m */; };
		C9AFBB691AAD458C008C7AE9 /* ImageIO.framework in Frameworks */ = {isa = PBXBuildFile; fileRef = C9AFBB681AAD458C008C7AE9 /* ImageIO.framework */; };
		C9AFBB701AAD4941008C7AE9 /* SDWebImage.framework in Frameworks */ = {isa = PBXBuildFile; fileRef = C9AFBB6F1AAD4941008C7AE9 /* SDWebImage.framework */; };
		C9AFBB731AAD4B80008C7AE9 /* CoreGraphics.framework in Frameworks */ = {isa = PBXBuildFile; fileRef = C9AFBB721AAD4B80008C7AE9 /* CoreGraphics.framework */; };
		C9AFBB771AAD8039008C7AE9 /* RentalDetailViewController.m in Sources */ = {isa = PBXBuildFile; fileRef = C9AFBB761AAD8039008C7AE9 /* RentalDetailViewController.m */; };
		C9AFBB801AAD808F008C7AE9 /* QiuzuDetailViewController.m in Sources */ = {isa = PBXBuildFile; fileRef = C9AFBB7F1AAD808F008C7AE9 /* QiuzuDetailViewController.m */; };
		C9AFBB831AAD809B008C7AE9 /* EnterpriseDetailViewController.m in Sources */ = {isa = PBXBuildFile; fileRef = C9AFBB821AAD809B008C7AE9 /* EnterpriseDetailViewController.m */; };
		C9AFBB861AAD80BB008C7AE9 /* RecruitmentDetailViewController.m in Sources */ = {isa = PBXBuildFile; fileRef = C9AFBB851AAD80BB008C7AE9 /* RecruitmentDetailViewController.m */; };
		C9AFBB891AAD80DD008C7AE9 /* NewsDetailViewController.m in Sources */ = {isa = PBXBuildFile; fileRef = C9AFBB881AAD80DD008C7AE9 /* NewsDetailViewController.m */; };
		C9AFBB8D1AAD8129008C7AE9 /* MessageDetailViewController.m in Sources */ = {isa = PBXBuildFile; fileRef = C9AFBB8C1AAD8129008C7AE9 /* MessageDetailViewController.m */; };
		C9B5561F1AD4FE9100F6DE99 /* NSString+Utils.m in Sources */ = {isa = PBXBuildFile; fileRef = C9B5561E1AD4FE9100F6DE99 /* NSString+Utils.m */; };
		C9B85F641AA432E1008A56F0 /* main.m in Sources */ = {isa = PBXBuildFile; fileRef = C9B85F631AA432E1008A56F0 /* main.m */; };
		C9B85F671AA432E1008A56F0 /* AppDelegate.m in Sources */ = {isa = PBXBuildFile; fileRef = C9B85F661AA432E1008A56F0 /* AppDelegate.m */; };
		C9B85F6F1AA432E1008A56F0 /* Images.xcassets in Resources */ = {isa = PBXBuildFile; fileRef = C9B85F6E1AA432E1008A56F0 /* Images.xcassets */; };
		C9B85F7E1AA432E1008A56F0 /* DLSTests.m in Sources */ = {isa = PBXBuildFile; fileRef = C9B85F7D1AA432E1008A56F0 /* DLSTests.m */; };
		C9C23CF71AA9445D007A9A27 /* CustomAnnotation.m in Sources */ = {isa = PBXBuildFile; fileRef = C9C23CF61AA9445D007A9A27 /* CustomAnnotation.m */; };
		C9C23CF91AA946F4007A9A27 /* CoreLocation.framework in Frameworks */ = {isa = PBXBuildFile; fileRef = C9C23CF81AA946F4007A9A27 /* CoreLocation.framework */; };
		C9C23CFB1AA9499A007A9A27 /* MapKit.framework in Frameworks */ = {isa = PBXBuildFile; fileRef = C9C23CFA1AA9499A007A9A27 /* MapKit.framework */; };
		C9C2B1111ABBBAE30013E27C /* SB1Cell.m in Sources */ = {isa = PBXBuildFile; fileRef = C9C2B1101ABBBAE30013E27C /* SB1Cell.m */; };
		C9D160191B0B360E004BA4C6 /* MapViewController.m in Sources */ = {isa = PBXBuildFile; fileRef = C9D160181B0B360E004BA4C6 /* MapViewController.m */; };
		C9D2B7331AA8684C00CF750D /* MySBWXViewController.m in Sources */ = {isa = PBXBuildFile; fileRef = C9D2B7321AA8684C00CF750D /* MySBWXViewController.m */; };
		C9D2B7361AA8686400CF750D /* MyQZViewController.m in Sources */ = {isa = PBXBuildFile; fileRef = C9D2B7351AA8686400CF750D /* MyQZViewController.m */; };
		C9D2B7391AA8687000CF750D /* MyCZViewController.m in Sources */ = {isa = PBXBuildFile; fileRef = C9D2B7381AA8687000CF750D /* MyCZViewController.m */; };
		C9D2B73C1AA8688600CF750D /* MySBXSViewController.m in Sources */ = {isa = PBXBuildFile; fileRef = C9D2B73B1AA8688600CF750D /* MySBXSViewController.m */; };
		C9D2B73F1AA8689C00CF750D /* MyBJXSViewController.m in Sources */ = {isa = PBXBuildFile; fileRef = C9D2B73E1AA8689C00CF750D /* MyBJXSViewController.m */; };
		C9D2B7451AA868BF00CF750D /* MyZPXXViewController.m in Sources */ = {isa = PBXBuildFile; fileRef = C9D2B7441AA868BF00CF750D /* MyZPXXViewController.m */; };
		C9D2B7481AA868EB00CF750D /* MyQZYPViewController.m in Sources */ = {isa = PBXBuildFile; fileRef = C9D2B7471AA868EB00CF750D /* MyQZYPViewController.m */; };
		C9D2B74B1AA8690D00CF750D /* MyHelpCenterViewController.m in Sources */ = {isa = PBXBuildFile; fileRef = C9D2B74A1AA8690D00CF750D /* MyHelpCenterViewController.m */; };
		C9D2B74F1AA8912B00CF750D /* ListViewController.m in Sources */ = {isa = PBXBuildFile; fileRef = C9D2B74E1AA8912B00CF750D /* ListViewController.m */; };
		C9D2B7521AA8966200CF750D /* ProjectCell.m in Sources */ = {isa = PBXBuildFile; fileRef = C9D2B7511AA8966200CF750D /* ProjectCell.m */; };
		C9DB29A01AA9A18D00D5893B /* CategoryView.m in Sources */ = {isa = PBXBuildFile; fileRef = C9DB299F1AA9A18D00D5893B /* CategoryView.m */; };
		C9DB29A31AA9ACDF00D5893B /* SearchView.m in Sources */ = {isa = PBXBuildFile; fileRef = C9DB29A21AA9ACDF00D5893B /* SearchView.m */; };
		C9DD46BF1AA8271E004AEAB7 /* RegisterViewController.m in Sources */ = {isa = PBXBuildFile; fileRef = C9DD46BE1AA8271E004AEAB7 /* RegisterViewController.m */; };
		C9DD46C21AA82731004AEAB7 /* LoginViewController.m in Sources */ = {isa = PBXBuildFile; fileRef = C9DD46C11AA82731004AEAB7 /* LoginViewController.m */; };
		C9DD46C51AA82781004AEAB7 /* AccountViewController.m in Sources */ = {isa = PBXBuildFile; fileRef = C9DD46C41AA82781004AEAB7 /* AccountViewController.m */; };
		C9DFA84F1B098F6E00365CD4 /* PublishQZViewController.m in Sources */ = {isa = PBXBuildFile; fileRef = C9DFA84E1B098F6E00365CD4 /* PublishQZViewController.m */; };
		C9DFA8521B09CF6C00365CD4 /* CustomerServiceViewController.m in Sources */ = {isa = PBXBuildFile; fileRef = C9DFA8511B09CF6C00365CD4 /* CustomerServiceViewController.m */; };
		C9DFA8551B09D4AD00365CD4 /* CommonData.m in Sources */ = {isa = PBXBuildFile; fileRef = C9DFA8541B09D4AD00365CD4 /* CommonData.m */; };
		C9E1FEBA1AA5543F00720AAC /* BaseTableViewController.m in Sources */ = {isa = PBXBuildFile; fileRef = C9E1FEB61AA5543F00720AAC /* BaseTableViewController.m */; };
		C9E1FEBB1AA5543F00720AAC /* BaseViewController.m in Sources */ = {isa = PBXBuildFile; fileRef = C9E1FEB81AA5543F00720AAC /* BaseViewController.m */; };
		C9E1FED11AA554E200720AAC /* HttpRequest.m in Sources */ = {isa = PBXBuildFile; fileRef = C9E1FECD1AA554E200720AAC /* HttpRequest.m */; };
		C9E1FED21AA554E200720AAC /* Response.m in Sources */ = {isa = PBXBuildFile; fileRef = C9E1FECF1AA554E200720AAC /* Response.m */; };
		C9E1FEE71AA555F000720AAC /* Reachability.m in Sources */ = {isa = PBXBuildFile; fileRef = C9E1FED51AA555F000720AAC /* Reachability.m */; settings = {COMPILER_FLAGS = "-fno-objc-arc"; }; };
		C9E1FEE81AA555F000720AAC /* ATMHud.m in Sources */ = {isa = PBXBuildFile; fileRef = C9E1FED81AA555F000720AAC /* ATMHud.m */; settings = {COMPILER_FLAGS = "-fno-objc-arc"; }; };
		C9E1FEE91AA555F000720AAC /* ATMHudQueueItem.m in Sources */ = {isa = PBXBuildFile; fileRef = C9E1FEDB1AA555F000720AAC /* ATMHudQueueItem.m */; settings = {COMPILER_FLAGS = "-fno-objc-arc"; }; };
		C9E1FEEA1AA555F000720AAC /* ATMHudView.m in Sources */ = {isa = PBXBuildFile; fileRef = C9E1FEDD1AA555F000720AAC /* ATMHudView.m */; settings = {COMPILER_FLAGS = "-fno-objc-arc"; }; };
		C9E1FEEB1AA555F000720AAC /* ATMProgressLayer.m in Sources */ = {isa = PBXBuildFile; fileRef = C9E1FEDF1AA555F000720AAC /* ATMProgressLayer.m */; settings = {COMPILER_FLAGS = "-fno-objc-arc"; }; };
		C9E1FEEC1AA555F000720AAC /* ATMSoundFX.m in Sources */ = {isa = PBXBuildFile; fileRef = C9E1FEE11AA555F000720AAC /* ATMSoundFX.m */; settings = {COMPILER_FLAGS = "-fno-objc-arc"; }; };
		C9E1FEED1AA555F000720AAC /* ATMTextLayer.m in Sources */ = {isa = PBXBuildFile; fileRef = C9E1FEE31AA555F000720AAC /* ATMTextLayer.m */; settings = {COMPILER_FLAGS = "-fno-objc-arc"; }; };
		C9E1FEEE1AA555F000720AAC /* MBProgressHUD.m in Sources */ = {isa = PBXBuildFile; fileRef = C9E1FEE61AA555F000720AAC /* MBProgressHUD.m */; settings = {COMPILER_FLAGS = "-fno-objc-arc"; }; };
		C9E1FEF41AA5564100720AAC /* Foundation.framework in Frameworks */ = {isa = PBXBuildFile; fileRef = C9E1FEF31AA5564100720AAC /* Foundation.framework */; };
		C9E1FF081AA558A700720AAC /* UIKit.framework in Frameworks */ = {isa = PBXBuildFile; fileRef = C9E1FEF11AA5563B00720AAC /* UIKit.framework */; };
		C9E1FF0A1AA558E600720AAC /* CFNetwork.framework in Frameworks */ = {isa = PBXBuildFile; fileRef = C9E1FEEF1AA5562000720AAC /* CFNetwork.framework */; };
		C9E1FF0B1AA558EC00720AAC /* QuartzCore.framework in Frameworks */ = {isa = PBXBuildFile; fileRef = C9E1FEF71AA5569100720AAC /* QuartzCore.framework */; };
		C9F11F481AB275EB0014E462 /* MessageCell.m in Sources */ = {isa = PBXBuildFile; fileRef = C9F11F471AB275EB0014E462 /* MessageCell.m */; };
		C9F11F4B1AB2760A0014E462 /* CollectionCell.m in Sources */ = {isa = PBXBuildFile; fileRef = C9F11F4A1AB2760A0014E462 /* CollectionCell.m */; };
		C9F11F4E1AB27AA80014E462 /* FeedbackViewController.m in Sources */ = {isa = PBXBuildFile; fileRef = C9F11F4D1AB27AA80014E462 /* FeedbackViewController.m */; };
		C9F11F511AB27AB20014E462 /* ModifyPasswordViewController.m in Sources */ = {isa = PBXBuildFile; fileRef = C9F11F501AB27AB20014E462 /* ModifyPasswordViewController.m */; };
		C9F11F541AB27AC10014E462 /* AboutUsViewController.m in Sources */ = {isa = PBXBuildFile; fileRef = C9F11F531AB27AC10014E462 /* AboutUsViewController.m */; };
		C9F11F571AB27AD70014E462 /* ClauseViewController.m in Sources */ = {isa = PBXBuildFile; fileRef = C9F11F561AB27AD70014E462 /* ClauseViewController.m */; };
		C9F24D061AB9A1DB00D23C05 /* ButtonView.m in Sources */ = {isa = PBXBuildFile; fileRef = C9F24D051AB9A1DB00D23C05 /* ButtonView.m */; };
/* End PBXBuildFile section */

/* Begin PBXContainerItemProxy section */
		C9B85F781AA432E1008A56F0 /* PBXContainerItemProxy */ = {
			isa = PBXContainerItemProxy;
			containerPortal = C9B85F561AA432E1008A56F0 /* Project object */;
			proxyType = 1;
			remoteGlobalIDString = C9B85F5D1AA432E1008A56F0;
			remoteInfo = DLS;
		};
/* End PBXContainerItemProxy section */

/* Begin PBXFileReference section */
		008BEC791ADA0DD30082A1E5 /* User.h */ = {isa = PBXFileReference; fileEncoding = 4; lastKnownFileType = sourcecode.c.h; path = User.h; sourceTree = "<group>"; };
		008BEC7A1ADA0DD30082A1E5 /* User.m */ = {isa = PBXFileReference; fileEncoding = 4; lastKnownFileType = sourcecode.c.objc; path = User.m; sourceTree = "<group>"; };
		C90699AF1AAE836600E32C54 /* CollectionViewController.h */ = {isa = PBXFileReference; fileEncoding = 4; lastKnownFileType = sourcecode.c.h; path = CollectionViewController.h; sourceTree = "<group>"; };
		C90699B01AAE836600E32C54 /* CollectionViewController.m */ = {isa = PBXFileReference; fileEncoding = 4; lastKnownFileType = sourcecode.c.objc; path = CollectionViewController.m; sourceTree = "<group>"; };
		C90699B21AAE83A300E32C54 /* SettingViewController.h */ = {isa = PBXFileReference; fileEncoding = 4; lastKnownFileType = sourcecode.c.h; path = SettingViewController.h; sourceTree = "<group>"; };
		C90699B31AAE83A300E32C54 /* SettingViewController.m */ = {isa = PBXFileReference; fileEncoding = 4; lastKnownFileType = sourcecode.c.objc; path = SettingViewController.m; sourceTree = "<group>"; };
		C90699B51AAE83C700E32C54 /* IntegralViewController.h */ = {isa = PBXFileReference; fileEncoding = 4; lastKnownFileType = sourcecode.c.h; path = IntegralViewController.h; sourceTree = "<group>"; };
		C90699B61AAE83C700E32C54 /* IntegralViewController.m */ = {isa = PBXFileReference; fileEncoding = 4; lastKnownFileType = sourcecode.c.objc; path = IntegralViewController.m; sourceTree = "<group>"; };
		C90699B81AAE956300E32C54 /* LocationViewController.h */ = {isa = PBXFileReference; fileEncoding = 4; lastKnownFileType = sourcecode.c.h; path = LocationViewController.h; sourceTree = "<group>"; };
		C90699B91AAE956300E32C54 /* LocationViewController.m */ = {isa = PBXFileReference; fileEncoding = 4; lastKnownFileType = sourcecode.c.objc; path = LocationViewController.m; sourceTree = "<group>"; };
		C90699BB1AAE984800E32C54 /* ProjectECell.h */ = {isa = PBXFileReference; fileEncoding = 4; lastKnownFileType = sourcecode.c.h; path = ProjectECell.h; sourceTree = "<group>"; };
		C90699BC1AAE984800E32C54 /* ProjectECell.m */ = {isa = PBXFileReference; fileEncoding = 4; lastKnownFileType = sourcecode.c.objc; path = ProjectECell.m; sourceTree = "<group>"; };
		C90699C01AAE9D2D00E32C54 /* citydict.plist */ = {isa = PBXFileReference; fileEncoding = 4; lastKnownFileType = text.plist.xml; path = citydict.plist; sourceTree = "<group>"; };
		C909FC161AA6D72A008E68FB /* InformationCell.h */ = {isa = PBXFileReference; fileEncoding = 4; lastKnownFileType = sourcecode.c.h; path = InformationCell.h; sourceTree = "<group>"; };
		C909FC171AA6D72A008E68FB /* InformationCell.m */ = {isa = PBXFileReference; fileEncoding = 4; lastKnownFileType = sourcecode.c.objc; path = InformationCell.m; sourceTree = "<group>"; };
		C909FC191AA6E03A008E68FB /* MessageViewController.h */ = {isa = PBXFileReference; fileEncoding = 4; lastKnownFileType = sourcecode.c.h; path = MessageViewController.h; sourceTree = "<group>"; };
		C909FC1A1AA6E03A008E68FB /* MessageViewController.m */ = {isa = PBXFileReference; fileEncoding = 4; lastKnownFileType = sourcecode.c.objc; path = MessageViewController.m; sourceTree = "<group>"; };
		C90BC6951AAC6504001F9902 /* UIButton+TitleImage.h */ = {isa = PBXFileReference; fileEncoding = 4; lastKnownFileType = sourcecode.c.h; path = "UIButton+TitleImage.h"; sourceTree = "<group>"; };
		C90BC6961AAC6504001F9902 /* UIButton+TitleImage.m */ = {isa = PBXFileReference; fileEncoding = 4; lastKnownFileType = sourcecode.c.objc; path = "UIButton+TitleImage.m"; sourceTree = "<group>"; };
		C91115A91AAC36AF00F56DFE /* ProjectBCell.h */ = {isa = PBXFileReference; fileEncoding = 4; lastKnownFileType = sourcecode.c.h; path = ProjectBCell.h; sourceTree = "<group>"; };
		C91115AA1AAC36AF00F56DFE /* ProjectBCell.m */ = {isa = PBXFileReference; fileEncoding = 4; lastKnownFileType = sourcecode.c.objc; path = ProjectBCell.m; sourceTree = "<group>"; };
		C91115AC1AAC3AE200F56DFE /* ProjectCCell.h */ = {isa = PBXFileReference; fileEncoding = 4; lastKnownFileType = sourcecode.c.h; path = ProjectCCell.h; sourceTree = "<group>"; };
		C91115AD1AAC3AE200F56DFE /* ProjectCCell.m */ = {isa = PBXFileReference; fileEncoding = 4; lastKnownFileType = sourcecode.c.objc; path = ProjectCCell.m; sourceTree = "<group>"; };
		C9125AA61AA9FA12001396FF /* Common.h */ = {isa = PBXFileReference; fileEncoding = 4; lastKnownFileType = sourcecode.c.h; path = Common.h; sourceTree = "<group>"; };
		C9125AA71AA9FA12001396FF /* Common.m */ = {isa = PBXFileReference; fileEncoding = 4; lastKnownFileType = sourcecode.c.objc; path = Common.m; sourceTree = "<group>"; };
		C91CC7BB1AEBC4E700EAE6CB /* ETFoursquareImages.h */ = {isa = PBXFileReference; fileEncoding = 4; lastKnownFileType = sourcecode.c.h; path = ETFoursquareImages.h; sourceTree = "<group>"; };
		C91CC7BC1AEBC4E700EAE6CB /* ETFoursquareImages.m */ = {isa = PBXFileReference; fileEncoding = 4; lastKnownFileType = sourcecode.c.objc; path = ETFoursquareImages.m; sourceTree = "<group>"; };
		C91D0AE71B0D853A00B6D145 /* UIImage+Transform.h */ = {isa = PBXFileReference; fileEncoding = 4; lastKnownFileType = sourcecode.c.h; path = "UIImage+Transform.h"; sourceTree = "<group>"; };
		C91D0AE81B0D853A00B6D145 /* UIImage+Transform.m */ = {isa = PBXFileReference; fileEncoding = 4; lastKnownFileType = sourcecode.c.objc; path = "UIImage+Transform.m"; sourceTree = "<group>"; };
		C922D08C1AA444B600F6DBA1 /* HomeViewController.h */ = {isa = PBXFileReference; fileEncoding = 4; lastKnownFileType = sourcecode.c.h; path = HomeViewController.h; sourceTree = "<group>"; };
		C922D08D1AA444B600F6DBA1 /* HomeViewController.m */ = {isa = PBXFileReference; fileEncoding = 4; lastKnownFileType = sourcecode.c.objc; path = HomeViewController.m; sourceTree = "<group>"; };
		C922D08F1AA444E100F6DBA1 /* NearbyViewController.h */ = {isa = PBXFileReference; fileEncoding = 4; lastKnownFileType = sourcecode.c.h; path = NearbyViewController.h; sourceTree = "<group>"; };
		C922D0901AA444E100F6DBA1 /* NearbyViewController.m */ = {isa = PBXFileReference; fileEncoding = 4; lastKnownFileType = sourcecode.c.objc; path = NearbyViewController.m; sourceTree = "<group>"; };
		C922D0921AA444ED00F6DBA1 /* VIPViewController.h */ = {isa = PBXFileReference; fileEncoding = 4; lastKnownFileType = sourcecode.c.h; path = VIPViewController.h; sourceTree = "<group>"; };
		C922D0931AA444ED00F6DBA1 /* VIPViewController.m */ = {isa = PBXFileReference; fileEncoding = 4; lastKnownFileType = sourcecode.c.objc; path = VIPViewController.m; sourceTree = "<group>"; };
		C922D0951AA444FB00F6DBA1 /* MyViewController.h */ = {isa = PBXFileReference; fileEncoding = 4; lastKnownFileType = sourcecode.c.h; path = MyViewController.h; sourceTree = "<group>"; };
		C922D0961AA444FB00F6DBA1 /* MyViewController.m */ = {isa = PBXFileReference; fileEncoding = 4; lastKnownFileType = sourcecode.c.objc; path = MyViewController.m; sourceTree = "<group>"; };
		C9265BF51AB2D03D00897CF0 /* HelpDetailViewController.h */ = {isa = PBXFileReference; fileEncoding = 4; lastKnownFileType = sourcecode.c.h; path = HelpDetailViewController.h; sourceTree = "<group>"; };
		C9265BF61AB2D03D00897CF0 /* HelpDetailViewController.m */ = {isa = PBXFileReference; fileEncoding = 4; lastKnownFileType = sourcecode.c.objc; path = HelpDetailViewController.m; sourceTree = "<group>"; };
		C92F8B231B0AD6BE003172B8 /* QZDetailViewController.h */ = {isa = PBXFileReference; fileEncoding = 4; lastKnownFileType = sourcecode.c.h; path = QZDetailViewController.h; sourceTree = "<group>"; };
		C92F8B241B0AD6BE003172B8 /* QZDetailViewController.m */ = {isa = PBXFileReference; fileEncoding = 4; lastKnownFileType = sourcecode.c.objc; path = QZDetailViewController.m; sourceTree = "<group>"; };
		C92F8B261B0B1726003172B8 /* STGuideViewController.h */ = {isa = PBXFileReference; fileEncoding = 4; lastKnownFileType = sourcecode.c.h; path = STGuideViewController.h; sourceTree = "<group>"; };
		C92F8B271B0B1726003172B8 /* STGuideViewController.m */ = {isa = PBXFileReference; fileEncoding = 4; lastKnownFileType = sourcecode.c.objc; path = STGuideViewController.m; sourceTree = "<group>"; };
		C92F8B2A1B0B173D003172B8 /* EAIntroPage.h */ = {isa = PBXFileReference; fileEncoding = 4; lastKnownFileType = sourcecode.c.h; path = EAIntroPage.h; sourceTree = "<group>"; };
		C92F8B2B1B0B173D003172B8 /* EAIntroPage.m */ = {isa = PBXFileReference; fileEncoding = 4; lastKnownFileType = sourcecode.c.objc; path = EAIntroPage.m; sourceTree = "<group>"; };
		C92F8B2C1B0B173D003172B8 /* EAIntroView.h */ = {isa = PBXFileReference; fileEncoding = 4; lastKnownFileType = sourcecode.c.h; path = EAIntroView.h; sourceTree = "<group>"; };
		C92F8B2D1B0B173D003172B8 /* EAIntroView.m */ = {isa = PBXFileReference; fileEncoding = 4; lastKnownFileType = sourcecode.c.objc; path = EAIntroView.m; sourceTree = "<group>"; };
		C92F8B301B0B1791003172B8 /* SQLiteOperate.h */ = {isa = PBXFileReference; fileEncoding = 4; lastKnownFileType = sourcecode.c.h; path = SQLiteOperate.h; sourceTree = "<group>"; };
		C92F8B311B0B1791003172B8 /* SQLiteOperate.m */ = {isa = PBXFileReference; fileEncoding = 4; lastKnownFileType = sourcecode.c.objc; path = SQLiteOperate.m; sourceTree = "<group>"; };
		C92F8B331B0B1859003172B8 /* libsqlite3.dylib */ = {isa = PBXFileReference; lastKnownFileType = "compiled.mach-o.dylib"; name = libsqlite3.dylib; path = usr/lib/libsqlite3.dylib; sourceTree = SDKROOT; };
		C9583FB31AAC89940043548B /* ProjectDCell.h */ = {isa = PBXFileReference; fileEncoding = 4; lastKnownFileType = sourcecode.c.h; path = ProjectDCell.h; sourceTree = "<group>"; };
		C9583FB41AAC89940043548B /* ProjectDCell.m */ = {isa = PBXFileReference; fileEncoding = 4; lastKnownFileType = sourcecode.c.objc; path = ProjectDCell.m; sourceTree = "<group>"; };
		C9610DD51AB158B100CA8218 /* PublishQiuzuViewController.h */ = {isa = PBXFileReference; fileEncoding = 4; lastKnownFileType = sourcecode.c.h; path = PublishQiuzuViewController.h; sourceTree = "<group>"; };
		C9610DD61AB158B100CA8218 /* PublishQiuzuViewController.m */ = {isa = PBXFileReference; fileEncoding = 4; lastKnownFileType = sourcecode.c.objc; path = PublishQiuzuViewController.m; sourceTree = "<group>"; };
		C9610DD81AB158C700CA8218 /* PublishRentalViewController.h */ = {isa = PBXFileReference; fileEncoding = 4; lastKnownFileType = sourcecode.c.h; path = PublishRentalViewController.h; sourceTree = "<group>"; };
		C9610DD91AB158C700CA8218 /* PublishRentalViewController.m */ = {isa = PBXFileReference; fileEncoding = 4; lastKnownFileType = sourcecode.c.objc; path = PublishRentalViewController.m; sourceTree = "<group>"; };
		C9610DDB1AB158E300CA8218 /* PublishRecruitmentViewController.h */ = {isa = PBXFileReference; fileEncoding = 4; lastKnownFileType = sourcecode.c.h; path = PublishRecruitmentViewController.h; sourceTree = "<group>"; };
		C9610DDC1AB158E300CA8218 /* PublishRecruitmentViewController.m */ = {isa = PBXFileReference; fileEncoding = 4; lastKnownFileType = sourcecode.c.objc; path = PublishRecruitmentViewController.m; sourceTree = "<group>"; };
		C9610DDE1AB15A0200CA8218 /* EquipmentViewController.h */ = {isa = PBXFileReference; fileEncoding = 4; lastKnownFileType = sourcecode.c.h; path = EquipmentViewController.h; sourceTree = "<group>"; };
		C9610DDF1AB15A0200CA8218 /* EquipmentViewController.m */ = {isa = PBXFileReference; fileEncoding = 4; lastKnownFileType = sourcecode.c.objc; path = EquipmentViewController.m; sourceTree = "<group>"; };
		C989A0071AFC8FE700EC3228 /* SearchViewController.h */ = {isa = PBXFileReference; fileEncoding = 4; lastKnownFileType = sourcecode.c.h; path = SearchViewController.h; sourceTree = "<group>"; };
		C989A0081AFC8FE700EC3228 /* SearchViewController.m */ = {isa = PBXFileReference; fileEncoding = 4; lastKnownFileType = sourcecode.c.objc; path = SearchViewController.m; sourceTree = "<group>"; };
		C989A00A1AFC983300EC3228 /* IntegralVCell.h */ = {isa = PBXFileReference; fileEncoding = 4; lastKnownFileType = sourcecode.c.h; path = IntegralVCell.h; sourceTree = "<group>"; };
		C989A00B1AFC983300EC3228 /* IntegralVCell.m */ = {isa = PBXFileReference; fileEncoding = 4; lastKnownFileType = sourcecode.c.objc; path = IntegralVCell.m; sourceTree = "<group>"; };
		C99A055C1AAC24F3004E5490 /* ProjectACell.h */ = {isa = PBXFileReference; fileEncoding = 4; lastKnownFileType = sourcecode.c.h; path = ProjectACell.h; sourceTree = "<group>"; };
		C99A055D1AAC24F3004E5490 /* ProjectACell.m */ = {isa = PBXFileReference; fileEncoding = 4; lastKnownFileType = sourcecode.c.objc; path = ProjectACell.m; sourceTree = "<group>"; };
		C99E82EC1AA997B20087D2F4 /* EGORefreshTableHeaderView.h */ = {isa = PBXFileReference; fileEncoding = 4; lastKnownFileType = sourcecode.c.h; path = EGORefreshTableHeaderView.h; sourceTree = "<group>"; };
		C99E82ED1AA997B20087D2F4 /* EGORefreshTableHeaderView.m */ = {isa = PBXFileReference; fileEncoding = 4; lastKnownFileType = sourcecode.c.objc; path = EGORefreshTableHeaderView.m; sourceTree = "<group>"; };
		C99E82EE1AA997B20087D2F4 /* LoadMoreTableFooterView.h */ = {isa = PBXFileReference; fileEncoding = 4; lastKnownFileType = sourcecode.c.h; path = LoadMoreTableFooterView.h; sourceTree = "<group>"; };
		C99E82EF1AA997B20087D2F4 /* LoadMoreTableFooterView.m */ = {isa = PBXFileReference; fileEncoding = 4; lastKnownFileType = sourcecode.c.objc; path = LoadMoreTableFooterView.m; sourceTree = "<group>"; };
		C99E82F01AA997B20087D2F4 /* MessageInterceptor.h */ = {isa = PBXFileReference; fileEncoding = 4; lastKnownFileType = sourcecode.c.h; path = MessageInterceptor.h; sourceTree = "<group>"; };
		C99E82F11AA997B20087D2F4 /* MessageInterceptor.m */ = {isa = PBXFileReference; fileEncoding = 4; lastKnownFileType = sourcecode.c.objc; path = MessageInterceptor.m; sourceTree = "<group>"; };
		C99E82F21AA997B20087D2F4 /* PullTableView.h */ = {isa = PBXFileReference; fileEncoding = 4; lastKnownFileType = sourcecode.c.h; path = PullTableView.h; sourceTree = "<group>"; };
		C99E82F31AA997B20087D2F4 /* PullTableView.m */ = {isa = PBXFileReference; fileEncoding = 4; lastKnownFileType = sourcecode.c.objc; path = PullTableView.m; sourceTree = "<group>"; };
		C99E82F51AA997B20087D2F4 /* blackArrow.png */ = {isa = PBXFileReference; lastKnownFileType = image.png; path = blackArrow.png; sourceTree = "<group>"; };
		C99E82F61AA997B20087D2F4 /* blackArrow@2x.png */ = {isa = PBXFileReference; lastKnownFileType = image.png; path = "blackArrow@2x.png"; sourceTree = "<group>"; };
		C99E82F71AA997B20087D2F4 /* blueArrow.png */ = {isa = PBXFileReference; lastKnownFileType = image.png; path = blueArrow.png; sourceTree = "<group>"; };
		C99E82F81AA997B20087D2F4 /* blueArrow@2x.png */ = {isa = PBXFileReference; lastKnownFileType = image.png; path = "blueArrow@2x.png"; sourceTree = "<group>"; };
		C99E82F91AA997B20087D2F4 /* grayArrow.png */ = {isa = PBXFileReference; lastKnownFileType = image.png; path = grayArrow.png; sourceTree = "<group>"; };
		C99E82FA1AA997B20087D2F4 /* grayArrow@2x.png */ = {isa = PBXFileReference; lastKnownFileType = image.png; path = "grayArrow@2x.png"; sourceTree = "<group>"; };
		C99E82FB1AA997B20087D2F4 /* whiteArrow.png */ = {isa = PBXFileReference; lastKnownFileType = image.png; path = whiteArrow.png; sourceTree = "<group>"; };
		C99E82FC1AA997B20087D2F4 /* whiteArrow@2x.png */ = {isa = PBXFileReference; lastKnownFileType = image.png; path = "whiteArrow@2x.png"; sourceTree = "<group>"; };
		C99E83091AA9983D0087D2F4 /* BaseEGOTableViewPullRefreshViewController.h */ = {isa = PBXFileReference; fileEncoding = 4; lastKnownFileType = sourcecode.c.h; name = BaseEGOTableViewPullRefreshViewController.h; path = ../BaseEGOTableViewPullRefreshViewController.h; sourceTree = "<group>"; };
		C99E830A1AA9983D0087D2F4 /* BaseEGOTableViewPullRefreshViewController.m */ = {isa = PBXFileReference; fileEncoding = 4; lastKnownFileType = sourcecode.c.objc; name = BaseEGOTableViewPullRefreshViewController.m; path = ../BaseEGOTableViewPullRefreshViewController.m; sourceTree = "<group>"; };
		C9A82DD61AB0268E0063DF9B /* HomeBannerView.h */ = {isa = PBXFileReference; fileEncoding = 4; lastKnownFileType = sourcecode.c.h; path = HomeBannerView.h; sourceTree = "<group>"; };
		C9A82DD71AB0268E0063DF9B /* HomeBannerView.m */ = {isa = PBXFileReference; fileEncoding = 4; lastKnownFileType = sourcecode.c.objc; path = HomeBannerView.m; sourceTree = "<group>"; };
		C9A82DD91AB027C30063DF9B /* HomeCategoryView.h */ = {isa = PBXFileReference; fileEncoding = 4; lastKnownFileType = sourcecode.c.h; path = HomeCategoryView.h; sourceTree = "<group>"; };
		C9A82DDA1AB027C30063DF9B /* HomeCategoryView.m */ = {isa = PBXFileReference; fileEncoding = 4; lastKnownFileType = sourcecode.c.objc; path = HomeCategoryView.m; sourceTree = "<group>"; };
		C9A8A1201AFE498400AADEC2 /* page.bundle */ = {isa = PBXFileReference; lastKnownFileType = "wrapper.plug-in"; path = page.bundle; sourceTree = "<group>"; };
		C9AF9BEA1AB9231600482049 /* SinglePickerView.h */ = {isa = PBXFileReference; fileEncoding = 4; lastKnownFileType = sourcecode.c.h; path = SinglePickerView.h; sourceTree = "<group>"; };
		C9AF9BEB1AB9231600482049 /* SinglePickerView.m */ = {isa = PBXFileReference; fileEncoding = 4; lastKnownFileType = sourcecode.c.objc; path = SinglePickerView.m; sourceTree = "<group>"; };
		C9AFBB681AAD458C008C7AE9 /* ImageIO.framework */ = {isa = PBXFileReference; lastKnownFileType = wrapper.framework; name = ImageIO.framework; path = System/Library/Frameworks/ImageIO.framework; sourceTree = SDKROOT; };
		C9AFBB6F1AAD4941008C7AE9 /* SDWebImage.framework */ = {isa = PBXFileReference; lastKnownFileType = wrapper.framework; path = SDWebImage.framework; sourceTree = "<group>"; };
		C9AFBB721AAD4B80008C7AE9 /* CoreGraphics.framework */ = {isa = PBXFileReference; lastKnownFileType = wrapper.framework; name = CoreGraphics.framework; path = System/Library/Frameworks/CoreGraphics.framework; sourceTree = SDKROOT; };
		C9AFBB751AAD8039008C7AE9 /* RentalDetailViewController.h */ = {isa = PBXFileReference; fileEncoding = 4; lastKnownFileType = sourcecode.c.h; path = RentalDetailViewController.h; sourceTree = "<group>"; };
		C9AFBB761AAD8039008C7AE9 /* RentalDetailViewController.m */ = {isa = PBXFileReference; fileEncoding = 4; lastKnownFileType = sourcecode.c.objc; path = RentalDetailViewController.m; sourceTree = "<group>"; };
		C9AFBB7E1AAD808F008C7AE9 /* QiuzuDetailViewController.h */ = {isa = PBXFileReference; fileEncoding = 4; lastKnownFileType = sourcecode.c.h; path = QiuzuDetailViewController.h; sourceTree = "<group>"; };
		C9AFBB7F1AAD808F008C7AE9 /* QiuzuDetailViewController.m */ = {isa = PBXFileReference; fileEncoding = 4; lastKnownFileType = sourcecode.c.objc; path = QiuzuDetailViewController.m; sourceTree = "<group>"; };
		C9AFBB811AAD809B008C7AE9 /* EnterpriseDetailViewController.h */ = {isa = PBXFileReference; fileEncoding = 4; lastKnownFileType = sourcecode.c.h; path = EnterpriseDetailViewController.h; sourceTree = "<group>"; };
		C9AFBB821AAD809B008C7AE9 /* EnterpriseDetailViewController.m */ = {isa = PBXFileReference; fileEncoding = 4; lastKnownFileType = sourcecode.c.objc; path = EnterpriseDetailViewController.m; sourceTree = "<group>"; };
		C9AFBB841AAD80BB008C7AE9 /* RecruitmentDetailViewController.h */ = {isa = PBXFileReference; fileEncoding = 4; lastKnownFileType = sourcecode.c.h; path = RecruitmentDetailViewController.h; sourceTree = "<group>"; };
		C9AFBB851AAD80BB008C7AE9 /* RecruitmentDetailViewController.m */ = {isa = PBXFileReference; fileEncoding = 4; lastKnownFileType = sourcecode.c.objc; path = RecruitmentDetailViewController.m; sourceTree = "<group>"; };
		C9AFBB871AAD80DD008C7AE9 /* NewsDetailViewController.h */ = {isa = PBXFileReference; fileEncoding = 4; lastKnownFileType = sourcecode.c.h; path = NewsDetailViewController.h; sourceTree = "<group>"; };
		C9AFBB881AAD80DD008C7AE9 /* NewsDetailViewController.m */ = {isa = PBXFileReference; fileEncoding = 4; lastKnownFileType = sourcecode.c.objc; path = NewsDetailViewController.m; sourceTree = "<group>"; };
		C9AFBB8B1AAD8129008C7AE9 /* MessageDetailViewController.h */ = {isa = PBXFileReference; fileEncoding = 4; lastKnownFileType = sourcecode.c.h; path = MessageDetailViewController.h; sourceTree = "<group>"; };
		C9AFBB8C1AAD8129008C7AE9 /* MessageDetailViewController.m */ = {isa = PBXFileReference; fileEncoding = 4; lastKnownFileType = sourcecode.c.objc; path = MessageDetailViewController.m; sourceTree = "<group>"; };
		C9B5561D1AD4FE9100F6DE99 /* NSString+Utils.h */ = {isa = PBXFileReference; fileEncoding = 4; lastKnownFileType = sourcecode.c.h; path = "NSString+Utils.h"; sourceTree = "<group>"; };
		C9B5561E1AD4FE9100F6DE99 /* NSString+Utils.m */ = {isa = PBXFileReference; fileEncoding = 4; lastKnownFileType = sourcecode.c.objc; path = "NSString+Utils.m"; sourceTree = "<group>"; };
		C9B85F5E1AA432E1008A56F0 /* DLS.app */ = {isa = PBXFileReference; explicitFileType = wrapper.application; includeInIndex = 0; path = DLS.app; sourceTree = BUILT_PRODUCTS_DIR; };
		C9B85F621AA432E1008A56F0 /* Info.plist */ = {isa = PBXFileReference; lastKnownFileType = text.plist.xml; path = Info.plist; sourceTree = "<group>"; };
		C9B85F631AA432E1008A56F0 /* main.m */ = {isa = PBXFileReference; lastKnownFileType = sourcecode.c.objc; path = main.m; sourceTree = "<group>"; };
		C9B85F651AA432E1008A56F0 /* AppDelegate.h */ = {isa = PBXFileReference; lastKnownFileType = sourcecode.c.h; path = AppDelegate.h; sourceTree = "<group>"; };
		C9B85F661AA432E1008A56F0 /* AppDelegate.m */ = {isa = PBXFileReference; lastKnownFileType = sourcecode.c.objc; path = AppDelegate.m; sourceTree = "<group>"; };
		C9B85F6E1AA432E1008A56F0 /* Images.xcassets */ = {isa = PBXFileReference; lastKnownFileType = folder.assetcatalog; path = Images.xcassets; sourceTree = "<group>"; };
		C9B85F771AA432E1008A56F0 /* DLSTests.xctest */ = {isa = PBXFileReference; explicitFileType = wrapper.cfbundle; includeInIndex = 0; path = DLSTests.xctest; sourceTree = BUILT_PRODUCTS_DIR; };
		C9B85F7C1AA432E1008A56F0 /* Info.plist */ = {isa = PBXFileReference; lastKnownFileType = text.plist.xml; path = Info.plist; sourceTree = "<group>"; };
		C9B85F7D1AA432E1008A56F0 /* DLSTests.m */ = {isa = PBXFileReference; lastKnownFileType = sourcecode.c.objc; path = DLSTests.m; sourceTree = "<group>"; };
		C9C23CF51AA9445D007A9A27 /* CustomAnnotation.h */ = {isa = PBXFileReference; fileEncoding = 4; lastKnownFileType = sourcecode.c.h; path = CustomAnnotation.h; sourceTree = "<group>"; };
		C9C23CF61AA9445D007A9A27 /* CustomAnnotation.m */ = {isa = PBXFileReference; fileEncoding = 4; lastKnownFileType = sourcecode.c.objc; path = CustomAnnotation.m; sourceTree = "<group>"; };
		C9C23CF81AA946F4007A9A27 /* CoreLocation.framework */ = {isa = PBXFileReference; lastKnownFileType = wrapper.framework; name = CoreLocation.framework; path = System/Library/Frameworks/CoreLocation.framework; sourceTree = SDKROOT; };
		C9C23CFA1AA9499A007A9A27 /* MapKit.framework */ = {isa = PBXFileReference; lastKnownFileType = wrapper.framework; name = MapKit.framework; path = System/Library/Frameworks/MapKit.framework; sourceTree = SDKROOT; };
		C9C2B10F1ABBBAE30013E27C /* SB1Cell.h */ = {isa = PBXFileReference; fileEncoding = 4; lastKnownFileType = sourcecode.c.h; path = SB1Cell.h; sourceTree = "<group>"; };
		C9C2B1101ABBBAE30013E27C /* SB1Cell.m */ = {isa = PBXFileReference; fileEncoding = 4; lastKnownFileType = sourcecode.c.objc; path = SB1Cell.m; sourceTree = "<group>"; };
		C9D160171B0B360E004BA4C6 /* MapViewController.h */ = {isa = PBXFileReference; fileEncoding = 4; lastKnownFileType = sourcecode.c.h; path = MapViewController.h; sourceTree = "<group>"; };
		C9D160181B0B360E004BA4C6 /* MapViewController.m */ = {isa = PBXFileReference; fileEncoding = 4; lastKnownFileType = sourcecode.c.objc; path = MapViewController.m; sourceTree = "<group>"; };
		C9D2B7311AA8684C00CF750D /* MySBWXViewController.h */ = {isa = PBXFileReference; fileEncoding = 4; lastKnownFileType = sourcecode.c.h; path = MySBWXViewController.h; sourceTree = "<group>"; };
		C9D2B7321AA8684C00CF750D /* MySBWXViewController.m */ = {isa = PBXFileReference; fileEncoding = 4; lastKnownFileType = sourcecode.c.objc; path = MySBWXViewController.m; sourceTree = "<group>"; };
		C9D2B7341AA8686400CF750D /* MyQZViewController.h */ = {isa = PBXFileReference; fileEncoding = 4; lastKnownFileType = sourcecode.c.h; path = MyQZViewController.h; sourceTree = "<group>"; };
		C9D2B7351AA8686400CF750D /* MyQZViewController.m */ = {isa = PBXFileReference; fileEncoding = 4; lastKnownFileType = sourcecode.c.objc; path = MyQZViewController.m; sourceTree = "<group>"; };
		C9D2B7371AA8687000CF750D /* MyCZViewController.h */ = {isa = PBXFileReference; fileEncoding = 4; lastKnownFileType = sourcecode.c.h; path = MyCZViewController.h; sourceTree = "<group>"; };
		C9D2B7381AA8687000CF750D /* MyCZViewController.m */ = {isa = PBXFileReference; fileEncoding = 4; lastKnownFileType = sourcecode.c.objc; path = MyCZViewController.m; sourceTree = "<group>"; };
		C9D2B73A1AA8688600CF750D /* MySBXSViewController.h */ = {isa = PBXFileReference; fileEncoding = 4; lastKnownFileType = sourcecode.c.h; path = MySBXSViewController.h; sourceTree = "<group>"; };
		C9D2B73B1AA8688600CF750D /* MySBXSViewController.m */ = {isa = PBXFileReference; fileEncoding = 4; lastKnownFileType = sourcecode.c.objc; path = MySBXSViewController.m; sourceTree = "<group>"; };
		C9D2B73D1AA8689C00CF750D /* MyBJXSViewController.h */ = {isa = PBXFileReference; fileEncoding = 4; lastKnownFileType = sourcecode.c.h; path = MyBJXSViewController.h; sourceTree = "<group>"; };
		C9D2B73E1AA8689C00CF750D /* MyBJXSViewController.m */ = {isa = PBXFileReference; fileEncoding = 4; lastKnownFileType = sourcecode.c.objc; path = MyBJXSViewController.m; sourceTree = "<group>"; };
		C9D2B7431AA868BF00CF750D /* MyZPXXViewController.h */ = {isa = PBXFileReference; fileEncoding = 4; lastKnownFileType = sourcecode.c.h; path = MyZPXXViewController.h; sourceTree = "<group>"; };
		C9D2B7441AA868BF00CF750D /* MyZPXXViewController.m */ = {isa = PBXFileReference; fileEncoding = 4; lastKnownFileType = sourcecode.c.objc; path = MyZPXXViewController.m; sourceTree = "<group>"; };
		C9D2B7461AA868EB00CF750D /* MyQZYPViewController.h */ = {isa = PBXFileReference; fileEncoding = 4; lastKnownFileType = sourcecode.c.h; path = MyQZYPViewController.h; sourceTree = "<group>"; };
		C9D2B7471AA868EB00CF750D /* MyQZYPViewController.m */ = {isa = PBXFileReference; fileEncoding = 4; lastKnownFileType = sourcecode.c.objc; path = MyQZYPViewController.m; sourceTree = "<group>"; };
		C9D2B7491AA8690D00CF750D /* MyHelpCenterViewController.h */ = {isa = PBXFileReference; fileEncoding = 4; lastKnownFileType = sourcecode.c.h; path = MyHelpCenterViewController.h; sourceTree = "<group>"; };
		C9D2B74A1AA8690D00CF750D /* MyHelpCenterViewController.m */ = {isa = PBXFileReference; fileEncoding = 4; lastKnownFileType = sourcecode.c.objc; path = MyHelpCenterViewController.m; sourceTree = "<group>"; };
		C9D2B74D1AA8912B00CF750D /* ListViewController.h */ = {isa = PBXFileReference; fileEncoding = 4; lastKnownFileType = sourcecode.c.h; path = ListViewController.h; sourceTree = "<group>"; };
		C9D2B74E1AA8912B00CF750D /* ListViewController.m */ = {isa = PBXFileReference; fileEncoding = 4; lastKnownFileType = sourcecode.c.objc; path = ListViewController.m; sourceTree = "<group>"; };
		C9D2B7501AA8966200CF750D /* ProjectCell.h */ = {isa = PBXFileReference; fileEncoding = 4; lastKnownFileType = sourcecode.c.h; path = ProjectCell.h; sourceTree = "<group>"; };
		C9D2B7511AA8966200CF750D /* ProjectCell.m */ = {isa = PBXFileReference; fileEncoding = 4; lastKnownFileType = sourcecode.c.objc; path = ProjectCell.m; sourceTree = "<group>"; };
		C9DB299E1AA9A18D00D5893B /* CategoryView.h */ = {isa = PBXFileReference; fileEncoding = 4; lastKnownFileType = sourcecode.c.h; path = CategoryView.h; sourceTree = "<group>"; };
		C9DB299F1AA9A18D00D5893B /* CategoryView.m */ = {isa = PBXFileReference; fileEncoding = 4; lastKnownFileType = sourcecode.c.objc; path = CategoryView.m; sourceTree = "<group>"; };
		C9DB29A11AA9ACDF00D5893B /* SearchView.h */ = {isa = PBXFileReference; fileEncoding = 4; lastKnownFileType = sourcecode.c.h; path = SearchView.h; sourceTree = "<group>"; };
		C9DB29A21AA9ACDF00D5893B /* SearchView.m */ = {isa = PBXFileReference; fileEncoding = 4; lastKnownFileType = sourcecode.c.objc; path = SearchView.m; sourceTree = "<group>"; };
		C9DD46BD1AA8271E004AEAB7 /* RegisterViewController.h */ = {isa = PBXFileReference; fileEncoding = 4; lastKnownFileType = sourcecode.c.h; path = RegisterViewController.h; sourceTree = "<group>"; };
		C9DD46BE1AA8271E004AEAB7 /* RegisterViewController.m */ = {isa = PBXFileReference; fileEncoding = 4; lastKnownFileType = sourcecode.c.objc; path = RegisterViewController.m; sourceTree = "<group>"; };
		C9DD46C01AA82731004AEAB7 /* LoginViewController.h */ = {isa = PBXFileReference; fileEncoding = 4; lastKnownFileType = sourcecode.c.h; path = LoginViewController.h; sourceTree = "<group>"; };
		C9DD46C11AA82731004AEAB7 /* LoginViewController.m */ = {isa = PBXFileReference; fileEncoding = 4; lastKnownFileType = sourcecode.c.objc; path = LoginViewController.m; sourceTree = "<group>"; };
		C9DD46C31AA82781004AEAB7 /* AccountViewController.h */ = {isa = PBXFileReference; fileEncoding = 4; lastKnownFileType = sourcecode.c.h; path = AccountViewController.h; sourceTree = "<group>"; };
		C9DD46C41AA82781004AEAB7 /* AccountViewController.m */ = {isa = PBXFileReference; fileEncoding = 4; lastKnownFileType = sourcecode.c.objc; path = AccountViewController.m; sourceTree = "<group>"; };
		C9DFA84D1B098F6E00365CD4 /* PublishQZViewController.h */ = {isa = PBXFileReference; fileEncoding = 4; lastKnownFileType = sourcecode.c.h; path = PublishQZViewController.h; sourceTree = "<group>"; };
		C9DFA84E1B098F6E00365CD4 /* PublishQZViewController.m */ = {isa = PBXFileReference; fileEncoding = 4; lastKnownFileType = sourcecode.c.objc; path = PublishQZViewController.m; sourceTree = "<group>"; };
		C9DFA8501B09CF6C00365CD4 /* CustomerServiceViewController.h */ = {isa = PBXFileReference; fileEncoding = 4; lastKnownFileType = sourcecode.c.h; path = CustomerServiceViewController.h; sourceTree = "<group>"; };
		C9DFA8511B09CF6C00365CD4 /* CustomerServiceViewController.m */ = {isa = PBXFileReference; fileEncoding = 4; lastKnownFileType = sourcecode.c.objc; path = CustomerServiceViewController.m; sourceTree = "<group>"; };
		C9DFA8531B09D4AD00365CD4 /* CommonData.h */ = {isa = PBXFileReference; fileEncoding = 4; lastKnownFileType = sourcecode.c.h; path = CommonData.h; sourceTree = "<group>"; };
		C9DFA8541B09D4AD00365CD4 /* CommonData.m */ = {isa = PBXFileReference; fileEncoding = 4; lastKnownFileType = sourcecode.c.objc; path = CommonData.m; sourceTree = "<group>"; };
		C9E1FEB51AA5543F00720AAC /* BaseTableViewController.h */ = {isa = PBXFileReference; fileEncoding = 4; lastKnownFileType = sourcecode.c.h; path = BaseTableViewController.h; sourceTree = "<group>"; };
		C9E1FEB61AA5543F00720AAC /* BaseTableViewController.m */ = {isa = PBXFileReference; fileEncoding = 4; lastKnownFileType = sourcecode.c.objc; path = BaseTableViewController.m; sourceTree = "<group>"; };
		C9E1FEB71AA5543F00720AAC /* BaseViewController.h */ = {isa = PBXFileReference; fileEncoding = 4; lastKnownFileType = sourcecode.c.h; path = BaseViewController.h; sourceTree = "<group>"; };
		C9E1FEB81AA5543F00720AAC /* BaseViewController.m */ = {isa = PBXFileReference; fileEncoding = 4; lastKnownFileType = sourcecode.c.objc; path = BaseViewController.m; sourceTree = "<group>"; };
		C9E1FECC1AA554E200720AAC /* HttpRequest.h */ = {isa = PBXFileReference; fileEncoding = 4; lastKnownFileType = sourcecode.c.h; path = HttpRequest.h; sourceTree = "<group>"; };
		C9E1FECD1AA554E200720AAC /* HttpRequest.m */ = {isa = PBXFileReference; fileEncoding = 4; lastKnownFileType = sourcecode.c.objc; path = HttpRequest.m; sourceTree = "<group>"; };
		C9E1FECE1AA554E200720AAC /* Response.h */ = {isa = PBXFileReference; fileEncoding = 4; lastKnownFileType = sourcecode.c.h; path = Response.h; sourceTree = "<group>"; };
		C9E1FECF1AA554E200720AAC /* Response.m */ = {isa = PBXFileReference; fileEncoding = 4; lastKnownFileType = sourcecode.c.objc; path = Response.m; sourceTree = "<group>"; };
		C9E1FED01AA554E200720AAC /* ResultDelegate.h */ = {isa = PBXFileReference; fileEncoding = 4; lastKnownFileType = sourcecode.c.h; path = ResultDelegate.h; sourceTree = "<group>"; };
		C9E1FED41AA555F000720AAC /* Reachability.h */ = {isa = PBXFileReference; fileEncoding = 4; lastKnownFileType = sourcecode.c.h; path = Reachability.h; sourceTree = "<group>"; };
		C9E1FED51AA555F000720AAC /* Reachability.m */ = {isa = PBXFileReference; fileEncoding = 4; lastKnownFileType = sourcecode.c.objc; path = Reachability.m; sourceTree = "<group>"; };
		C9E1FED71AA555F000720AAC /* ATMHud.h */ = {isa = PBXFileReference; fileEncoding = 4; lastKnownFileType = sourcecode.c.h; path = ATMHud.h; sourceTree = "<group>"; };
		C9E1FED81AA555F000720AAC /* ATMHud.m */ = {isa = PBXFileReference; fileEncoding = 4; lastKnownFileType = sourcecode.c.objc; path = ATMHud.m; sourceTree = "<group>"; };
		C9E1FED91AA555F000720AAC /* ATMHudDelegate.h */ = {isa = PBXFileReference; fileEncoding = 4; lastKnownFileType = sourcecode.c.h; path = ATMHudDelegate.h; sourceTree = "<group>"; };
		C9E1FEDA1AA555F000720AAC /* ATMHudQueueItem.h */ = {isa = PBXFileReference; fileEncoding = 4; lastKnownFileType = sourcecode.c.h; path = ATMHudQueueItem.h; sourceTree = "<group>"; };
		C9E1FEDB1AA555F000720AAC /* ATMHudQueueItem.m */ = {isa = PBXFileReference; fileEncoding = 4; lastKnownFileType = sourcecode.c.objc; path = ATMHudQueueItem.m; sourceTree = "<group>"; };
		C9E1FEDC1AA555F000720AAC /* ATMHudView.h */ = {isa = PBXFileReference; fileEncoding = 4; lastKnownFileType = sourcecode.c.h; path = ATMHudView.h; sourceTree = "<group>"; };
		C9E1FEDD1AA555F000720AAC /* ATMHudView.m */ = {isa = PBXFileReference; fileEncoding = 4; lastKnownFileType = sourcecode.c.objc; path = ATMHudView.m; sourceTree = "<group>"; };
		C9E1FEDE1AA555F000720AAC /* ATMProgressLayer.h */ = {isa = PBXFileReference; fileEncoding = 4; lastKnownFileType = sourcecode.c.h; path = ATMProgressLayer.h; sourceTree = "<group>"; };
		C9E1FEDF1AA555F000720AAC /* ATMProgressLayer.m */ = {isa = PBXFileReference; fileEncoding = 4; lastKnownFileType = sourcecode.c.objc; path = ATMProgressLayer.m; sourceTree = "<group>"; };
		C9E1FEE01AA555F000720AAC /* ATMSoundFX.h */ = {isa = PBXFileReference; fileEncoding = 4; lastKnownFileType = sourcecode.c.h; path = ATMSoundFX.h; sourceTree = "<group>"; };
		C9E1FEE11AA555F000720AAC /* ATMSoundFX.m */ = {isa = PBXFileReference; fileEncoding = 4; lastKnownFileType = sourcecode.c.objc; path = ATMSoundFX.m; sourceTree = "<group>"; };
		C9E1FEE21AA555F000720AAC /* ATMTextLayer.h */ = {isa = PBXFileReference; fileEncoding = 4; lastKnownFileType = sourcecode.c.h; path = ATMTextLayer.h; sourceTree = "<group>"; };
		C9E1FEE31AA555F000720AAC /* ATMTextLayer.m */ = {isa = PBXFileReference; fileEncoding = 4; lastKnownFileType = sourcecode.c.objc; path = ATMTextLayer.m; sourceTree = "<group>"; };
		C9E1FEE51AA555F000720AAC /* MBProgressHUD.h */ = {isa = PBXFileReference; fileEncoding = 4; lastKnownFileType = sourcecode.c.h; path = MBProgressHUD.h; sourceTree = "<group>"; };
		C9E1FEE61AA555F000720AAC /* MBProgressHUD.m */ = {isa = PBXFileReference; fileEncoding = 4; lastKnownFileType = sourcecode.c.objc; path = MBProgressHUD.m; sourceTree = "<group>"; };
		C9E1FEEF1AA5562000720AAC /* CFNetwork.framework */ = {isa = PBXFileReference; lastKnownFileType = wrapper.framework; name = CFNetwork.framework; path = System/Library/Frameworks/CFNetwork.framework; sourceTree = SDKROOT; };
		C9E1FEF11AA5563B00720AAC /* UIKit.framework */ = {isa = PBXFileReference; lastKnownFileType = wrapper.framework; name = UIKit.framework; path = System/Library/Frameworks/UIKit.framework; sourceTree = SDKROOT; };
		C9E1FEF31AA5564100720AAC /* Foundation.framework */ = {isa = PBXFileReference; lastKnownFileType = wrapper.framework; name = Foundation.framework; path = System/Library/Frameworks/Foundation.framework; sourceTree = SDKROOT; };
		C9E1FEF71AA5569100720AAC /* QuartzCore.framework */ = {isa = PBXFileReference; lastKnownFileType = wrapper.framework; name = QuartzCore.framework; path = System/Library/Frameworks/QuartzCore.framework; sourceTree = SDKROOT; };
		C9E1FF071AA5578700720AAC /* DLS-Prefix.pch */ = {isa = PBXFileReference; lastKnownFileType = sourcecode.c.h; path = "DLS-Prefix.pch"; sourceTree = "<group>"; };
		C9F11F461AB275EB0014E462 /* MessageCell.h */ = {isa = PBXFileReference; fileEncoding = 4; lastKnownFileType = sourcecode.c.h; path = MessageCell.h; sourceTree = "<group>"; };
		C9F11F471AB275EB0014E462 /* MessageCell.m */ = {isa = PBXFileReference; fileEncoding = 4; lastKnownFileType = sourcecode.c.objc; path = MessageCell.m; sourceTree = "<group>"; };
		C9F11F491AB2760A0014E462 /* CollectionCell.h */ = {isa = PBXFileReference; fileEncoding = 4; lastKnownFileType = sourcecode.c.h; path = CollectionCell.h; sourceTree = "<group>"; };
		C9F11F4A1AB2760A0014E462 /* CollectionCell.m */ = {isa = PBXFileReference; fileEncoding = 4; lastKnownFileType = sourcecode.c.objc; path = CollectionCell.m; sourceTree = "<group>"; };
		C9F11F4C1AB27AA80014E462 /* FeedbackViewController.h */ = {isa = PBXFileReference; fileEncoding = 4; lastKnownFileType = sourcecode.c.h; path = FeedbackViewController.h; sourceTree = "<group>"; };
		C9F11F4D1AB27AA80014E462 /* FeedbackViewController.m */ = {isa = PBXFileReference; fileEncoding = 4; lastKnownFileType = sourcecode.c.objc; path = FeedbackViewController.m; sourceTree = "<group>"; };
		C9F11F4F1AB27AB20014E462 /* ModifyPasswordViewController.h */ = {isa = PBXFileReference; fileEncoding = 4; lastKnownFileType = sourcecode.c.h; path = ModifyPasswordViewController.h; sourceTree = "<group>"; };
		C9F11F501AB27AB20014E462 /* ModifyPasswordViewController.m */ = {isa = PBXFileReference; fileEncoding = 4; lastKnownFileType = sourcecode.c.objc; path = ModifyPasswordViewController.m; sourceTree = "<group>"; };
		C9F11F521AB27AC10014E462 /* AboutUsViewController.h */ = {isa = PBXFileReference; fileEncoding = 4; lastKnownFileType = sourcecode.c.h; path = AboutUsViewController.h; sourceTree = "<group>"; };
		C9F11F531AB27AC10014E462 /* AboutUsViewController.m */ = {isa = PBXFileReference; fileEncoding = 4; lastKnownFileType = sourcecode.c.objc; path = AboutUsViewController.m; sourceTree = "<group>"; };
		C9F11F551AB27AD70014E462 /* ClauseViewController.h */ = {isa = PBXFileReference; fileEncoding = 4; lastKnownFileType = sourcecode.c.h; path = ClauseViewController.h; sourceTree = "<group>"; };
		C9F11F561AB27AD70014E462 /* ClauseViewController.m */ = {isa = PBXFileReference; fileEncoding = 4; lastKnownFileType = sourcecode.c.objc; path = ClauseViewController.m; sourceTree = "<group>"; };
		C9F24D041AB9A1DB00D23C05 /* ButtonView.h */ = {isa = PBXFileReference; fileEncoding = 4; lastKnownFileType = sourcecode.c.h; path = ButtonView.h; sourceTree = "<group>"; };
		C9F24D051AB9A1DB00D23C05 /* ButtonView.m */ = {isa = PBXFileReference; fileEncoding = 4; lastKnownFileType = sourcecode.c.objc; path = ButtonView.m; sourceTree = "<group>"; };
/* End PBXFileReference section */

/* Begin PBXFrameworksBuildPhase section */
		C9B85F5B1AA432E1008A56F0 /* Frameworks */ = {
			isa = PBXFrameworksBuildPhase;
			buildActionMask = 2147483647;
			files = (
				C92F8B341B0B1859003172B8 /* libsqlite3.dylib in Frameworks */,
				C9AFBB731AAD4B80008C7AE9 /* CoreGraphics.framework in Frameworks */,
				C9AFBB701AAD4941008C7AE9 /* SDWebImage.framework in Frameworks */,
				C9AFBB691AAD458C008C7AE9 /* ImageIO.framework in Frameworks */,
				C9C23CFB1AA9499A007A9A27 /* MapKit.framework in Frameworks */,
				C9C23CF91AA946F4007A9A27 /* CoreLocation.framework in Frameworks */,
				C9E1FF0B1AA558EC00720AAC /* QuartzCore.framework in Frameworks */,
				C9E1FF0A1AA558E600720AAC /* CFNetwork.framework in Frameworks */,
				C9E1FF081AA558A700720AAC /* UIKit.framework in Frameworks */,
				C9E1FEF41AA5564100720AAC /* Foundation.framework in Frameworks */,
			);
			runOnlyForDeploymentPostprocessing = 0;
		};
		C9B85F741AA432E1008A56F0 /* Frameworks */ = {
			isa = PBXFrameworksBuildPhase;
			buildActionMask = 2147483647;
			files = (
			);
			runOnlyForDeploymentPostprocessing = 0;
		};
/* End PBXFrameworksBuildPhase section */

/* Begin PBXGroup section */
		008BEC7C1ADA2CDF0082A1E5 /* 首页 */ = {
			isa = PBXGroup;
			children = (
				C92F8B261B0B1726003172B8 /* STGuideViewController.h */,
				C92F8B271B0B1726003172B8 /* STGuideViewController.m */,
				C922D08C1AA444B600F6DBA1 /* HomeViewController.h */,
				C922D08D1AA444B600F6DBA1 /* HomeViewController.m */,
				C9D2B74D1AA8912B00CF750D /* ListViewController.h */,
				C9D2B74E1AA8912B00CF750D /* ListViewController.m */,
				C90699B81AAE956300E32C54 /* LocationViewController.h */,
				C90699B91AAE956300E32C54 /* LocationViewController.m */,
			);
			name = "首页";
			sourceTree = "<group>";
		};
		008BEC7D1ADA2CE90082A1E5 /* VIP工程 */ = {
			isa = PBXGroup;
			children = (
				C922D0921AA444ED00F6DBA1 /* VIPViewController.h */,
				C922D0931AA444ED00F6DBA1 /* VIPViewController.m */,
				C989A0071AFC8FE700EC3228 /* SearchViewController.h */,
				C989A0081AFC8FE700EC3228 /* SearchViewController.m */,
			);
			name = "VIP工程";
			sourceTree = "<group>";
		};
		008BEC7E1ADA2CF90082A1E5 /* 我的 */ = {
			isa = PBXGroup;
			children = (
				C9DD46C31AA82781004AEAB7 /* AccountViewController.h */,
				C9DD46C41AA82781004AEAB7 /* AccountViewController.m */,
				C90699AF1AAE836600E32C54 /* CollectionViewController.h */,
				C90699B01AAE836600E32C54 /* CollectionViewController.m */,
				C9DFA8501B09CF6C00365CD4 /* CustomerServiceViewController.h */,
				C9DFA8511B09CF6C00365CD4 /* CustomerServiceViewController.m */,
				C90699B51AAE83C700E32C54 /* IntegralViewController.h */,
				C90699B61AAE83C700E32C54 /* IntegralViewController.m */,
				C909FC191AA6E03A008E68FB /* MessageViewController.h */,
				C909FC1A1AA6E03A008E68FB /* MessageViewController.m */,
				C9D2B73D1AA8689C00CF750D /* MyBJXSViewController.h */,
				C9D2B73E1AA8689C00CF750D /* MyBJXSViewController.m */,
				C9D2B7371AA8687000CF750D /* MyCZViewController.h */,
				C9D2B7381AA8687000CF750D /* MyCZViewController.m */,
				C9D2B7491AA8690D00CF750D /* MyHelpCenterViewController.h */,
				C9D2B74A1AA8690D00CF750D /* MyHelpCenterViewController.m */,
				C9D2B7341AA8686400CF750D /* MyQZViewController.h */,
				C9D2B7351AA8686400CF750D /* MyQZViewController.m */,
				C9D2B7461AA868EB00CF750D /* MyQZYPViewController.h */,
				C9D2B7471AA868EB00CF750D /* MyQZYPViewController.m */,
				C9D2B7311AA8684C00CF750D /* MySBWXViewController.h */,
				C9D2B7321AA8684C00CF750D /* MySBWXViewController.m */,
				C9D2B73A1AA8688600CF750D /* MySBXSViewController.h */,
				C9D2B73B1AA8688600CF750D /* MySBXSViewController.m */,
				C922D0951AA444FB00F6DBA1 /* MyViewController.h */,
				C922D0961AA444FB00F6DBA1 /* MyViewController.m */,
				C9D2B7431AA868BF00CF750D /* MyZPXXViewController.h */,
				C9D2B7441AA868BF00CF750D /* MyZPXXViewController.m */,
				C9610DD51AB158B100CA8218 /* PublishQiuzuViewController.h */,
				C9610DD61AB158B100CA8218 /* PublishQiuzuViewController.m */,
				C9DFA84D1B098F6E00365CD4 /* PublishQZViewController.h */,
				C9DFA84E1B098F6E00365CD4 /* PublishQZViewController.m */,
				C9610DDB1AB158E300CA8218 /* PublishRecruitmentViewController.h */,
				C9610DDC1AB158E300CA8218 /* PublishRecruitmentViewController.m */,
				C9610DD81AB158C700CA8218 /* PublishRentalViewController.h */,
				C9610DD91AB158C700CA8218 /* PublishRentalViewController.m */,
				C90699B21AAE83A300E32C54 /* SettingViewController.h */,
				C90699B31AAE83A300E32C54 /* SettingViewController.m */,
			);
			name = "我的";
			sourceTree = "<group>";
		};
		008BEC7F1ADA2D0A0082A1E5 /* 用户 */ = {
			isa = PBXGroup;
			children = (
				C9DD46BD1AA8271E004AEAB7 /* RegisterViewController.h */,
				C9DD46BE1AA8271E004AEAB7 /* RegisterViewController.m */,
				C9DD46C01AA82731004AEAB7 /* LoginViewController.h */,
				C9DD46C11AA82731004AEAB7 /* LoginViewController.m */,
				C9F11F4C1AB27AA80014E462 /* FeedbackViewController.h */,
				C9F11F4D1AB27AA80014E462 /* FeedbackViewController.m */,
				C9F11F4F1AB27AB20014E462 /* ModifyPasswordViewController.h */,
				C9F11F501AB27AB20014E462 /* ModifyPasswordViewController.m */,
				C9F11F521AB27AC10014E462 /* AboutUsViewController.h */,
				C9F11F531AB27AC10014E462 /* AboutUsViewController.m */,
				C9F11F551AB27AD70014E462 /* ClauseViewController.h */,
				C9F11F561AB27AD70014E462 /* ClauseViewController.m */,
			);
			name = "用户";
			sourceTree = "<group>";
		};
		C91CC7BA1AEBC4E700EAE6CB /* ETFoursquareImages */ = {
			isa = PBXGroup;
			children = (
				C91CC7BB1AEBC4E700EAE6CB /* ETFoursquareImages.h */,
				C91CC7BC1AEBC4E700EAE6CB /* ETFoursquareImages.m */,
			);
			path = ETFoursquareImages;
			sourceTree = "<group>";
		};
		C922D0861AA4396F00F6DBA1 /* Classes */ = {
			isa = PBXGroup;
			children = (
				C92F8B301B0B1791003172B8 /* SQLiteOperate.h */,
				C92F8B311B0B1791003172B8 /* SQLiteOperate.m */,
				008BEC791ADA0DD30082A1E5 /* User.h */,
				008BEC7A1ADA0DD30082A1E5 /* User.m */,
				C9B5561D1AD4FE9100F6DE99 /* NSString+Utils.h */,
				C9B5561E1AD4FE9100F6DE99 /* NSString+Utils.m */,
				C99E83091AA9983D0087D2F4 /* BaseEGOTableViewPullRefreshViewController.h */,
				C99E830A1AA9983D0087D2F4 /* BaseEGOTableViewPullRefreshViewController.m */,
				C9E1FEB51AA5543F00720AAC /* BaseTableViewController.h */,
				C9E1FEB61AA5543F00720AAC /* BaseTableViewController.m */,
				C9E1FEB71AA5543F00720AAC /* BaseViewController.h */,
				C9E1FEB81AA5543F00720AAC /* BaseViewController.m */,
				C9C23CF51AA9445D007A9A27 /* CustomAnnotation.h */,
				C9C23CF61AA9445D007A9A27 /* CustomAnnotation.m */,
				C9E1FECC1AA554E200720AAC /* HttpRequest.h */,
				C9E1FECD1AA554E200720AAC /* HttpRequest.m */,
				C9E1FECE1AA554E200720AAC /* Response.h */,
				C9E1FECF1AA554E200720AAC /* Response.m */,
				C9E1FED01AA554E200720AAC /* ResultDelegate.h */,
				C9125AA61AA9FA12001396FF /* Common.h */,
				C9125AA71AA9FA12001396FF /* Common.m */,
				C90BC6951AAC6504001F9902 /* UIButton+TitleImage.h */,
				C90BC6961AAC6504001F9902 /* UIButton+TitleImage.m */,
				C9DFA8531B09D4AD00365CD4 /* CommonData.h */,
				C9DFA8541B09D4AD00365CD4 /* CommonData.m */,
				C91D0AE71B0D853A00B6D145 /* UIImage+Transform.h */,
				C91D0AE81B0D853A00B6D145 /* UIImage+Transform.m */,
			);
			path = Classes;
			sourceTree = "<group>";
		};
		C922D0871AA4396F00F6DBA1 /* Librarys */ = {
			isa = PBXGroup;
			children = (
				C92F8B291B0B173D003172B8 /* EAIntroView */,
				C91CC7BA1AEBC4E700EAE6CB /* ETFoursquareImages */,
				C9E1FED31AA555F000720AAC /* ASIHTTP */,
				C9E1FED61AA555F000720AAC /* ATMHud */,
				C99E82EA1AA997B20087D2F4 /* EGOTableViewPullRefresh */,
				C9E1FEE41AA555F000720AAC /* MBProgressHUD */,
				C9AFBB6F1AAD4941008C7AE9 /* SDWebImage.framework */,
			);
			path = Librarys;
			sourceTree = "<group>";
		};
		C922D0881AA4396F00F6DBA1 /* Resources */ = {
			isa = PBXGroup;
			children = (
			);
			path = Resources;
			sourceTree = "<group>";
		};
		C922D0891AA4396F00F6DBA1 /* UI */ = {
			isa = PBXGroup;
			children = (
				008BEC7C1ADA2CDF0082A1E5 /* 首页 */,
				008BEC7E1ADA2CF90082A1E5 /* 我的 */,
				008BEC7F1ADA2D0A0082A1E5 /* 用户 */,
				C9E1FF0C1AA5A3DD00720AAC /* Cell */,
				C922D08A1AA4398700F6DBA1 /* Controller */,
				C922D08B1AA4399A00F6DBA1 /* View */,
				008BEC7D1ADA2CE90082A1E5 /* VIP工程 */,
			);
			path = UI;
			sourceTree = "<group>";
		};
		C922D08A1AA4398700F6DBA1 /* Controller */ = {
			isa = PBXGroup;
			children = (
				C9AFBB8A1AAD80F3008C7AE9 /* Detail */,
				C922D08F1AA444E100F6DBA1 /* NearbyViewController.h */,
				C922D0901AA444E100F6DBA1 /* NearbyViewController.m */,
			);
			name = Controller;
			sourceTree = "<group>";
		};
		C922D08B1AA4399A00F6DBA1 /* View */ = {
			isa = PBXGroup;
			children = (
				C9DB299E1AA9A18D00D5893B /* CategoryView.h */,
				C9DB299F1AA9A18D00D5893B /* CategoryView.m */,
				C9DB29A11AA9ACDF00D5893B /* SearchView.h */,
				C9DB29A21AA9ACDF00D5893B /* SearchView.m */,
				C9A82DD61AB0268E0063DF9B /* HomeBannerView.h */,
				C9A82DD71AB0268E0063DF9B /* HomeBannerView.m */,
				C9A82DD91AB027C30063DF9B /* HomeCategoryView.h */,
				C9A82DDA1AB027C30063DF9B /* HomeCategoryView.m */,
				C9AF9BEA1AB9231600482049 /* SinglePickerView.h */,
				C9AF9BEB1AB9231600482049 /* SinglePickerView.m */,
				C9F24D041AB9A1DB00D23C05 /* ButtonView.h */,
				C9F24D051AB9A1DB00D23C05 /* ButtonView.m */,
			);
			name = View;
			sourceTree = "<group>";
		};
		C92F8B291B0B173D003172B8 /* EAIntroView */ = {
			isa = PBXGroup;
			children = (
				C92F8B2A1B0B173D003172B8 /* EAIntroPage.h */,
				C92F8B2B1B0B173D003172B8 /* EAIntroPage.m */,
				C92F8B2C1B0B173D003172B8 /* EAIntroView.h */,
				C92F8B2D1B0B173D003172B8 /* EAIntroView.m */,
			);
			path = EAIntroView;
			sourceTree = "<group>";
		};
		C99E82EA1AA997B20087D2F4 /* EGOTableViewPullRefresh */ = {
			isa = PBXGroup;
			children = (
				C99E82EB1AA997B20087D2F4 /* Classes */,
				C99E82F41AA997B20087D2F4 /* Resources */,
			);
			path = EGOTableViewPullRefresh;
			sourceTree = "<group>";
		};
		C99E82EB1AA997B20087D2F4 /* Classes */ = {
			isa = PBXGroup;
			children = (
				C99E82EC1AA997B20087D2F4 /* EGORefreshTableHeaderView.h */,
				C99E82ED1AA997B20087D2F4 /* EGORefreshTableHeaderView.m */,
				C99E82EE1AA997B20087D2F4 /* LoadMoreTableFooterView.h */,
				C99E82EF1AA997B20087D2F4 /* LoadMoreTableFooterView.m */,
				C99E82F01AA997B20087D2F4 /* MessageInterceptor.h */,
				C99E82F11AA997B20087D2F4 /* MessageInterceptor.m */,
				C99E82F21AA997B20087D2F4 /* PullTableView.h */,
				C99E82F31AA997B20087D2F4 /* PullTableView.m */,
			);
			path = Classes;
			sourceTree = "<group>";
		};
		C99E82F41AA997B20087D2F4 /* Resources */ = {
			isa = PBXGroup;
			children = (
				C99E82F51AA997B20087D2F4 /* blackArrow.png */,
				C99E82F61AA997B20087D2F4 /* blackArrow@2x.png */,
				C99E82F71AA997B20087D2F4 /* blueArrow.png */,
				C99E82F81AA997B20087D2F4 /* blueArrow@2x.png */,
				C99E82F91AA997B20087D2F4 /* grayArrow.png */,
				C99E82FA1AA997B20087D2F4 /* grayArrow@2x.png */,
				C99E82FB1AA997B20087D2F4 /* whiteArrow.png */,
				C99E82FC1AA997B20087D2F4 /* whiteArrow@2x.png */,
			);
			path = Resources;
			sourceTree = "<group>";
		};
		C9AFBB8A1AAD80F3008C7AE9 /* Detail */ = {
			isa = PBXGroup;
			children = (
				C9AFBB811AAD809B008C7AE9 /* EnterpriseDetailViewController.h */,
				C9AFBB821AAD809B008C7AE9 /* EnterpriseDetailViewController.m */,
				C9610DDE1AB15A0200CA8218 /* EquipmentViewController.h */,
				C9610DDF1AB15A0200CA8218 /* EquipmentViewController.m */,
				C9265BF51AB2D03D00897CF0 /* HelpDetailViewController.h */,
				C9265BF61AB2D03D00897CF0 /* HelpDetailViewController.m */,
				C9AFBB8B1AAD8129008C7AE9 /* MessageDetailViewController.h */,
				C9AFBB8C1AAD8129008C7AE9 /* MessageDetailViewController.m */,
				C9AFBB871AAD80DD008C7AE9 /* NewsDetailViewController.h */,
				C9AFBB881AAD80DD008C7AE9 /* NewsDetailViewController.m */,
				C9AFBB7E1AAD808F008C7AE9 /* QiuzuDetailViewController.h */,
				C9AFBB7F1AAD808F008C7AE9 /* QiuzuDetailViewController.m */,
				C9AFBB841AAD80BB008C7AE9 /* RecruitmentDetailViewController.h */,
				C9AFBB851AAD80BB008C7AE9 /* RecruitmentDetailViewController.m */,
				C9AFBB751AAD8039008C7AE9 /* RentalDetailViewController.h */,
				C9AFBB761AAD8039008C7AE9 /* RentalDetailViewController.m */,
				C92F8B231B0AD6BE003172B8 /* QZDetailViewController.h */,
				C92F8B241B0AD6BE003172B8 /* QZDetailViewController.m */,
				C9D160171B0B360E004BA4C6 /* MapViewController.h */,
				C9D160181B0B360E004BA4C6 /* MapViewController.m */,
			);
			name = Detail;
			sourceTree = "<group>";
		};
		C9B85F551AA432E1008A56F0 = {
			isa = PBXGroup;
			children = (
				C9B85F601AA432E1008A56F0 /* DLS */,
				C9B85F7A1AA432E1008A56F0 /* DLSTests */,
				C9E1FF091AA558C800720AAC /* framework */,
				C9B85F5F1AA432E1008A56F0 /* Products */,
			);
			sourceTree = "<group>";
		};
		C9B85F5F1AA432E1008A56F0 /* Products */ = {
			isa = PBXGroup;
			children = (
				C9B85F5E1AA432E1008A56F0 /* DLS.app */,
				C9B85F771AA432E1008A56F0 /* DLSTests.xctest */,
			);
			name = Products;
			sourceTree = "<group>";
		};
		C9B85F601AA432E1008A56F0 /* DLS */ = {
			isa = PBXGroup;
			children = (
				C9A8A1201AFE498400AADEC2 /* page.bundle */,
				C9B85F651AA432E1008A56F0 /* AppDelegate.h */,
				C9B85F661AA432E1008A56F0 /* AppDelegate.m */,
				C922D0861AA4396F00F6DBA1 /* Classes */,
				C9B85F6E1AA432E1008A56F0 /* Images.xcassets */,
				C922D0871AA4396F00F6DBA1 /* Librarys */,
				C922D0881AA4396F00F6DBA1 /* Resources */,
				C9B85F611AA432E1008A56F0 /* Supporting Files */,
				C922D0891AA4396F00F6DBA1 /* UI */,
			);
			path = DLS;
			sourceTree = "<group>";
		};
		C9B85F611AA432E1008A56F0 /* Supporting Files */ = {
			isa = PBXGroup;
			children = (
				C90699C01AAE9D2D00E32C54 /* citydict.plist */,
				C9B85F621AA432E1008A56F0 /* Info.plist */,
				C9B85F631AA432E1008A56F0 /* main.m */,
				C9E1FF071AA5578700720AAC /* DLS-Prefix.pch */,
			);
			name = "Supporting Files";
			sourceTree = "<group>";
		};
		C9B85F7A1AA432E1008A56F0 /* DLSTests */ = {
			isa = PBXGroup;
			children = (
				C9B85F7D1AA432E1008A56F0 /* DLSTests.m */,
				C9B85F7B1AA432E1008A56F0 /* Supporting Files */,
			);
			path = DLSTests;
			sourceTree = "<group>";
		};
		C9B85F7B1AA432E1008A56F0 /* Supporting Files */ = {
			isa = PBXGroup;
			children = (
				C9B85F7C1AA432E1008A56F0 /* Info.plist */,
			);
			name = "Supporting Files";
			sourceTree = "<group>";
		};
		C9E1FED31AA555F000720AAC /* ASIHTTP */ = {
			isa = PBXGroup;
			children = (
				C9E1FED41AA555F000720AAC /* Reachability.h */,
				C9E1FED51AA555F000720AAC /* Reachability.m */,
			);
			path = ASIHTTP;
			sourceTree = "<group>";
		};
		C9E1FED61AA555F000720AAC /* ATMHud */ = {
			isa = PBXGroup;
			children = (
				C9E1FED71AA555F000720AAC /* ATMHud.h */,
				C9E1FED81AA555F000720AAC /* ATMHud.m */,
				C9E1FED91AA555F000720AAC /* ATMHudDelegate.h */,
				C9E1FEDA1AA555F000720AAC /* ATMHudQueueItem.h */,
				C9E1FEDB1AA555F000720AAC /* ATMHudQueueItem.m */,
				C9E1FEDC1AA555F000720AAC /* ATMHudView.h */,
				C9E1FEDD1AA555F000720AAC /* ATMHudView.m */,
				C9E1FEDE1AA555F000720AAC /* ATMProgressLayer.h */,
				C9E1FEDF1AA555F000720AAC /* ATMProgressLayer.m */,
				C9E1FEE01AA555F000720AAC /* ATMSoundFX.h */,
				C9E1FEE11AA555F000720AAC /* ATMSoundFX.m */,
				C9E1FEE21AA555F000720AAC /* ATMTextLayer.h */,
				C9E1FEE31AA555F000720AAC /* ATMTextLayer.m */,
			);
			path = ATMHud;
			sourceTree = "<group>";
		};
		C9E1FEE41AA555F000720AAC /* MBProgressHUD */ = {
			isa = PBXGroup;
			children = (
				C9E1FEE51AA555F000720AAC /* MBProgressHUD.h */,
				C9E1FEE61AA555F000720AAC /* MBProgressHUD.m */,
			);
			path = MBProgressHUD;
			sourceTree = "<group>";
		};
		C9E1FF091AA558C800720AAC /* framework */ = {
			isa = PBXGroup;
			children = (
				C92F8B331B0B1859003172B8 /* libsqlite3.dylib */,
				C9E1FEEF1AA5562000720AAC /* CFNetwork.framework */,
				C9AFBB721AAD4B80008C7AE9 /* CoreGraphics.framework */,
				C9C23CF81AA946F4007A9A27 /* CoreLocation.framework */,
				C9E1FEF31AA5564100720AAC /* Foundation.framework */,
				C9AFBB681AAD458C008C7AE9 /* ImageIO.framework */,
				C9C23CFA1AA9499A007A9A27 /* MapKit.framework */,
				C9E1FEF71AA5569100720AAC /* QuartzCore.framework */,
				C9E1FEF11AA5563B00720AAC /* UIKit.framework */,
			);
			name = framework;
			sourceTree = "<group>";
		};
		C9E1FF0C1AA5A3DD00720AAC /* Cell */ = {
			isa = PBXGroup;
			children = (
				C9F11F491AB2760A0014E462 /* CollectionCell.h */,
				C9F11F4A1AB2760A0014E462 /* CollectionCell.m */,
				C909FC161AA6D72A008E68FB /* InformationCell.h */,
				C909FC171AA6D72A008E68FB /* InformationCell.m */,
				C989A00A1AFC983300EC3228 /* IntegralVCell.h */,
				C989A00B1AFC983300EC3228 /* IntegralVCell.m */,
				C9F11F461AB275EB0014E462 /* MessageCell.h */,
				C9F11F471AB275EB0014E462 /* MessageCell.m */,
				C99A055C1AAC24F3004E5490 /* ProjectACell.h */,
				C99A055D1AAC24F3004E5490 /* ProjectACell.m */,
				C91115A91AAC36AF00F56DFE /* ProjectBCell.h */,
				C91115AA1AAC36AF00F56DFE /* ProjectBCell.m */,
				C91115AC1AAC3AE200F56DFE /* ProjectCCell.h */,
				C91115AD1AAC3AE200F56DFE /* ProjectCCell.m */,
				C9D2B7501AA8966200CF750D /* ProjectCell.h */,
				C9D2B7511AA8966200CF750D /* ProjectCell.m */,
				C9583FB31AAC89940043548B /* ProjectDCell.h */,
				C9583FB41AAC89940043548B /* ProjectDCell.m */,
				C90699BB1AAE984800E32C54 /* ProjectECell.h */,
				C90699BC1AAE984800E32C54 /* ProjectECell.m */,
				C9C2B10F1ABBBAE30013E27C /* SB1Cell.h */,
				C9C2B1101ABBBAE30013E27C /* SB1Cell.m */,
			);
			name = Cell;
			sourceTree = "<group>";
		};
/* End PBXGroup section */

/* Begin PBXNativeTarget section */
		C9B85F5D1AA432E1008A56F0 /* DLS */ = {
			isa = PBXNativeTarget;
			buildConfigurationList = C9B85F811AA432E1008A56F0 /* Build configuration list for PBXNativeTarget "DLS" */;
			buildPhases = (
				C9B85F5A1AA432E1008A56F0 /* Sources */,
				C9B85F5B1AA432E1008A56F0 /* Frameworks */,
				C9B85F5C1AA432E1008A56F0 /* Resources */,
			);
			buildRules = (
			);
			dependencies = (
			);
			name = DLS;
			productName = DLS;
			productReference = C9B85F5E1AA432E1008A56F0 /* DLS.app */;
			productType = "com.apple.product-type.application";
		};
		C9B85F761AA432E1008A56F0 /* DLSTests */ = {
			isa = PBXNativeTarget;
			buildConfigurationList = C9B85F841AA432E1008A56F0 /* Build configuration list for PBXNativeTarget "DLSTests" */;
			buildPhases = (
				C9B85F731AA432E1008A56F0 /* Sources */,
				C9B85F741AA432E1008A56F0 /* Frameworks */,
				C9B85F751AA432E1008A56F0 /* Resources */,
			);
			buildRules = (
			);
			dependencies = (
				C9B85F791AA432E1008A56F0 /* PBXTargetDependency */,
			);
			name = DLSTests;
			productName = DLSTests;
			productReference = C9B85F771AA432E1008A56F0 /* DLSTests.xctest */;
			productType = "com.apple.product-type.bundle.unit-test";
		};
/* End PBXNativeTarget section */

/* Begin PBXProject section */
		C9B85F561AA432E1008A56F0 /* Project object */ = {
			isa = PBXProject;
			attributes = {
				LastUpgradeCheck = 0610;
				ORGANIZATIONNAME = Start;
				TargetAttributes = {
					C9B85F5D1AA432E1008A56F0 = {
						CreatedOnToolsVersion = 6.1.1;
						DevelopmentTeam = F86345MANQ;
					};
					C9B85F761AA432E1008A56F0 = {
						CreatedOnToolsVersion = 6.1.1;
						DevelopmentTeam = XLA7UCY3KD;
						TestTargetID = C9B85F5D1AA432E1008A56F0;
					};
				};
			};
			buildConfigurationList = C9B85F591AA432E1008A56F0 /* Build configuration list for PBXProject "DLS" */;
			compatibilityVersion = "Xcode 3.2";
			developmentRegion = English;
			hasScannedForEncodings = 0;
			knownRegions = (
				en,
				Base,
			);
			mainGroup = C9B85F551AA432E1008A56F0;
			productRefGroup = C9B85F5F1AA432E1008A56F0 /* Products */;
			projectDirPath = "";
			projectRoot = "";
			targets = (
				C9B85F5D1AA432E1008A56F0 /* DLS */,
				C9B85F761AA432E1008A56F0 /* DLSTests */,
			);
		};
/* End PBXProject section */

/* Begin PBXResourcesBuildPhase section */
		C9B85F5C1AA432E1008A56F0 /* Resources */ = {
			isa = PBXResourcesBuildPhase;
			buildActionMask = 2147483647;
			files = (
				C9A8A1211AFE498400AADEC2 /* page.bundle in Resources */,
				C99E83051AA997B20087D2F4 /* grayArrow.png in Resources */,
				C9B85F6F1AA432E1008A56F0 /* Images.xcassets in Resources */,
				C99E83011AA997B20087D2F4 /* blackArrow.png in Resources */,
				C99E83041AA997B20087D2F4 /* blueArrow@2x.png in Resources */,
				C99E83021AA997B20087D2F4 /* blackArrow@2x.png in Resources */,
				C90699C11AAE9D2D00E32C54 /* citydict.plist in Resources */,
				C99E83071AA997B20087D2F4 /* whiteArrow.png in Resources */,
				C99E83061AA997B20087D2F4 /* grayArrow@2x.png in Resources */,
				C99E83081AA997B20087D2F4 /* whiteArrow@2x.png in Resources */,
				C99E83031AA997B20087D2F4 /* blueArrow.png in Resources */,
			);
			runOnlyForDeploymentPostprocessing = 0;
		};
		C9B85F751AA432E1008A56F0 /* Resources */ = {
			isa = PBXResourcesBuildPhase;
			buildActionMask = 2147483647;
			files = (
			);
			runOnlyForDeploymentPostprocessing = 0;
		};
/* End PBXResourcesBuildPhase section */

/* Begin PBXSourcesBuildPhase section */
		C9B85F5A1AA432E1008A56F0 /* Sources */ = {
			isa = PBXSourcesBuildPhase;
			buildActionMask = 2147483647;
			files = (
				C9AFBB8D1AAD8129008C7AE9 /* MessageDetailViewController.m in Sources */,
				C9F24D061AB9A1DB00D23C05 /* ButtonView.m in Sources */,
				C9E1FEE71AA555F000720AAC /* Reachability.m in Sources */,
				C9A82DDB1AB027C30063DF9B /* HomeCategoryView.m in Sources */,
				C99E82FF1AA997B20087D2F4 /* MessageInterceptor.m in Sources */,
				C91115AB1AAC36AF00F56DFE /* ProjectBCell.m in Sources */,
				C92F8B281B0B1726003172B8 /* STGuideViewController.m in Sources */,
				C9DB29A01AA9A18D00D5893B /* CategoryView.m in Sources */,
				C9E1FED21AA554E200720AAC /* Response.m in Sources */,
				C9D2B7481AA868EB00CF750D /* MyQZYPViewController.m in Sources */,
				C9DD46C51AA82781004AEAB7 /* AccountViewController.m in Sources */,
				C9C2B1111ABBBAE30013E27C /* SB1Cell.m in Sources */,
				C99E830B1AA9983D0087D2F4 /* BaseEGOTableViewPullRefreshViewController.m in Sources */,
				C91CC7BD1AEBC4E700EAE6CB /* ETFoursquareImages.m in Sources */,
				C91D0AE91B0D853A00B6D145 /* UIImage+Transform.m in Sources */,
				C9D2B73F1AA8689C00CF750D /* MyBJXSViewController.m in Sources */,
				C909FC1B1AA6E03A008E68FB /* MessageViewController.m in Sources */,
				C9A82DD81AB0268E0063DF9B /* HomeBannerView.m in Sources */,
				C9AFBB801AAD808F008C7AE9 /* QiuzuDetailViewController.m in Sources */,
				C9125AA81AA9FA12001396FF /* Common.m in Sources */,
				C9DD46C21AA82731004AEAB7 /* LoginViewController.m in Sources */,
				C9F11F4E1AB27AA80014E462 /* FeedbackViewController.m in Sources */,
				C9E1FEBB1AA5543F00720AAC /* BaseViewController.m in Sources */,
				C90699B11AAE836600E32C54 /* CollectionViewController.m in Sources */,
				C9610DD71AB158B100CA8218 /* PublishQiuzuViewController.m in Sources */,
				C9F11F511AB27AB20014E462 /* ModifyPasswordViewController.m in Sources */,
				C9AFBB861AAD80BB008C7AE9 /* RecruitmentDetailViewController.m in Sources */,
				C9D2B7521AA8966200CF750D /* ProjectCell.m in Sources */,
				C9AFBB771AAD8039008C7AE9 /* RentalDetailViewController.m in Sources */,
				C9E1FEEA1AA555F000720AAC /* ATMHudView.m in Sources */,
				C9D2B7451AA868BF00CF750D /* MyZPXXViewController.m in Sources */,
				C9E1FEEC1AA555F000720AAC /* ATMSoundFX.m in Sources */,
				C9DFA8551B09D4AD00365CD4 /* CommonData.m in Sources */,
				C9DD46BF1AA8271E004AEAB7 /* RegisterViewController.m in Sources */,
				C9F11F4B1AB2760A0014E462 /* CollectionCell.m in Sources */,
				C9AF9BEC1AB9231600482049 /* SinglePickerView.m in Sources */,
				C9F11F541AB27AC10014E462 /* AboutUsViewController.m in Sources */,
				C9F11F481AB275EB0014E462 /* MessageCell.m in Sources */,
				C90699B71AAE83C700E32C54 /* IntegralViewController.m in Sources */,
				C9E1FEEE1AA555F000720AAC /* MBProgressHUD.m in Sources */,
				C9DB29A31AA9ACDF00D5893B /* SearchView.m in Sources */,
				C9E1FED11AA554E200720AAC /* HttpRequest.m in Sources */,
				C9D2B74B1AA8690D00CF750D /* MyHelpCenterViewController.m in Sources */,
				C989A0091AFC8FE700EC3228 /* SearchViewController.m in Sources */,
				C9D160191B0B360E004BA4C6 /* MapViewController.m in Sources */,
				C9E1FEED1AA555F000720AAC /* ATMTextLayer.m in Sources */,
				C9E1FEE81AA555F000720AAC /* ATMHud.m in Sources */,
				C90699BD1AAE984800E32C54 /* ProjectECell.m in Sources */,
				C9D2B7391AA8687000CF750D /* MyCZViewController.m in Sources */,
				C9E1FEE91AA555F000720AAC /* ATMHudQueueItem.m in Sources */,
				C9610DDD1AB158E300CA8218 /* PublishRecruitmentViewController.m in Sources */,
				C92F8B321B0B1791003172B8 /* SQLiteOperate.m in Sources */,
				C9D2B74F1AA8912B00CF750D /* ListViewController.m in Sources */,
				C922D0941AA444ED00F6DBA1 /* VIPViewController.m in Sources */,
				C9B5561F1AD4FE9100F6DE99 /* NSString+Utils.m in Sources */,
				C9F11F571AB27AD70014E462 /* ClauseViewController.m in Sources */,
				C922D0911AA444E100F6DBA1 /* NearbyViewController.m in Sources */,
				008BEC7B1ADA0DD30082A1E5 /* User.m in Sources */,
				C9DFA84F1B098F6E00365CD4 /* PublishQZViewController.m in Sources */,
				C99E82FD1AA997B20087D2F4 /* EGORefreshTableHeaderView.m in Sources */,
				C92F8B2F1B0B173D003172B8 /* EAIntroView.m in Sources */,
				C9AFBB831AAD809B008C7AE9 /* EnterpriseDetailViewController.m in Sources */,
				C9AFBB891AAD80DD008C7AE9 /* NewsDetailViewController.m in Sources */,
				C9B85F671AA432E1008A56F0 /* AppDelegate.m in Sources */,
				C99A055E1AAC24F3004E5490 /* ProjectACell.m in Sources */,
				C99E83001AA997B20087D2F4 /* PullTableView.m in Sources */,
				C92F8B2E1B0B173D003172B8 /* EAIntroPage.m in Sources */,
				C90699BA1AAE956300E32C54 /* LocationViewController.m in Sources */,
				C9B85F641AA432E1008A56F0 /* main.m in Sources */,
				C9D2B73C1AA8688600CF750D /* MySBXSViewController.m in Sources */,
				C9D2B7331AA8684C00CF750D /* MySBWXViewController.m in Sources */,
				C922D08E1AA444B600F6DBA1 /* HomeViewController.m in Sources */,
				C90BC6971AAC6504001F9902 /* UIButton+TitleImage.m in Sources */,
				C9610DDA1AB158C700CA8218 /* PublishRentalViewController.m in Sources */,
				C909FC181AA6D72A008E68FB /* InformationCell.m in Sources */,
				C9610DE01AB15A0200CA8218 /* EquipmentViewController.m in Sources */,
				C99E82FE1AA997B20087D2F4 /* LoadMoreTableFooterView.m in Sources */,
				C9E1FEBA1AA5543F00720AAC /* BaseTableViewController.m in Sources */,
				C92F8B251B0AD6BE003172B8 /* QZDetailViewController.m in Sources */,
				C9C23CF71AA9445D007A9A27 /* CustomAnnotation.m in Sources */,
				C9D2B7361AA8686400CF750D /* MyQZViewController.m in Sources */,
				C9DFA8521B09CF6C00365CD4 /* CustomerServiceViewController.m in Sources */,
				C9E1FEEB1AA555F000720AAC /* ATMProgressLayer.m in Sources */,
				C989A00C1AFC983300EC3228 /* IntegralVCell.m in Sources */,
				C922D0971AA444FB00F6DBA1 /* MyViewController.m in Sources */,
				C9265BF71AB2D03D00897CF0 /* HelpDetailViewController.m in Sources */,
				C91115AE1AAC3AE200F56DFE /* ProjectCCell.m in Sources */,
				C90699B41AAE83A300E32C54 /* SettingViewController.m in Sources */,
				C9583FB51AAC89940043548B /* ProjectDCell.m in Sources */,
			);
			runOnlyForDeploymentPostprocessing = 0;
		};
		C9B85F731AA432E1008A56F0 /* Sources */ = {
			isa = PBXSourcesBuildPhase;
			buildActionMask = 2147483647;
			files = (
				C9B85F7E1AA432E1008A56F0 /* DLSTests.m in Sources */,
			);
			runOnlyForDeploymentPostprocessing = 0;
		};
/* End PBXSourcesBuildPhase section */

/* Begin PBXTargetDependency section */
		C9B85F791AA432E1008A56F0 /* PBXTargetDependency */ = {
			isa = PBXTargetDependency;
			target = C9B85F5D1AA432E1008A56F0 /* DLS */;
			targetProxy = C9B85F781AA432E1008A56F0 /* PBXContainerItemProxy */;
		};
/* End PBXTargetDependency section */

/* Begin XCBuildConfiguration section */
		C9B85F7F1AA432E1008A56F0 /* Debug */ = {
			isa = XCBuildConfiguration;
			buildSettings = {
				ALWAYS_SEARCH_USER_PATHS = NO;
				CLANG_CXX_LANGUAGE_STANDARD = "gnu++0x";
				CLANG_CXX_LIBRARY = "libc++";
				CLANG_ENABLE_MODULES = YES;
				CLANG_ENABLE_OBJC_ARC = YES;
				CLANG_WARN_BOOL_CONVERSION = YES;
				CLANG_WARN_CONSTANT_CONVERSION = YES;
				CLANG_WARN_DIRECT_OBJC_ISA_USAGE = YES_ERROR;
				CLANG_WARN_EMPTY_BODY = YES;
				CLANG_WARN_ENUM_CONVERSION = YES;
				CLANG_WARN_INT_CONVERSION = YES;
				CLANG_WARN_OBJC_ROOT_CLASS = YES_ERROR;
				CLANG_WARN_UNREACHABLE_CODE = YES;
				CLANG_WARN__DUPLICATE_METHOD_MATCH = YES;
				"CODE_SIGN_IDENTITY[sdk=iphoneos*]" = "iPhone Developer";
				COPY_PHASE_STRIP = NO;
				ENABLE_STRICT_OBJC_MSGSEND = YES;
				GCC_C_LANGUAGE_STANDARD = gnu99;
				GCC_DYNAMIC_NO_PIC = NO;
				GCC_OPTIMIZATION_LEVEL = 0;
				GCC_PREFIX_HEADER = "DLS/DLS-Prefix.pch";
				GCC_PREPROCESSOR_DEFINITIONS = (
					"DEBUG=1",
					"$(inherited)",
				);
				GCC_SYMBOLS_PRIVATE_EXTERN = NO;
				GCC_WARN_64_TO_32_BIT_CONVERSION = YES;
				GCC_WARN_ABOUT_RETURN_TYPE = YES_ERROR;
				GCC_WARN_UNDECLARED_SELECTOR = YES;
				GCC_WARN_UNINITIALIZED_AUTOS = YES_AGGRESSIVE;
				GCC_WARN_UNUSED_FUNCTION = YES;
				GCC_WARN_UNUSED_VARIABLE = YES;
				IPHONEOS_DEPLOYMENT_TARGET = 8.1;
				MTL_ENABLE_DEBUG_INFO = YES;
				ONLY_ACTIVE_ARCH = YES;
				SDKROOT = iphoneos;
			};
			name = Debug;
		};
		C9B85F801AA432E1008A56F0 /* Release */ = {
			isa = XCBuildConfiguration;
			buildSettings = {
				ALWAYS_SEARCH_USER_PATHS = NO;
				CLANG_CXX_LANGUAGE_STANDARD = "gnu++0x";
				CLANG_CXX_LIBRARY = "libc++";
				CLANG_ENABLE_MODULES = YES;
				CLANG_ENABLE_OBJC_ARC = YES;
				CLANG_WARN_BOOL_CONVERSION = YES;
				CLANG_WARN_CONSTANT_CONVERSION = YES;
				CLANG_WARN_DIRECT_OBJC_ISA_USAGE = YES_ERROR;
				CLANG_WARN_EMPTY_BODY = YES;
				CLANG_WARN_ENUM_CONVERSION = YES;
				CLANG_WARN_INT_CONVERSION = YES;
				CLANG_WARN_OBJC_ROOT_CLASS = YES_ERROR;
				CLANG_WARN_UNREACHABLE_CODE = YES;
				CLANG_WARN__DUPLICATE_METHOD_MATCH = YES;
				"CODE_SIGN_IDENTITY[sdk=iphoneos*]" = "iPhone Developer";
				COPY_PHASE_STRIP = YES;
				ENABLE_NS_ASSERTIONS = NO;
				ENABLE_STRICT_OBJC_MSGSEND = YES;
				GCC_C_LANGUAGE_STANDARD = gnu99;
				GCC_PREFIX_HEADER = "DLS/DLS-Prefix.pch";
				GCC_WARN_64_TO_32_BIT_CONVERSION = YES;
				GCC_WARN_ABOUT_RETURN_TYPE = YES_ERROR;
				GCC_WARN_UNDECLARED_SELECTOR = YES;
				GCC_WARN_UNINITIALIZED_AUTOS = YES_AGGRESSIVE;
				GCC_WARN_UNUSED_FUNCTION = YES;
				GCC_WARN_UNUSED_VARIABLE = YES;
				IPHONEOS_DEPLOYMENT_TARGET = 8.1;
				MTL_ENABLE_DEBUG_INFO = NO;
				SDKROOT = iphoneos;
				VALIDATE_PRODUCT = YES;
			};
			name = Release;
		};
		C9B85F821AA432E1008A56F0 /* Debug */ = {
			isa = XCBuildConfiguration;
			buildSettings = {
				ASSETCATALOG_COMPILER_APPICON_NAME = AppIcon;
				ASSETCATALOG_COMPILER_LAUNCHIMAGE_NAME = LaunchImage;
				CODE_SIGN_IDENTITY = "iPhone Developer";
				"CODE_SIGN_IDENTITY[sdk=iphoneos*]" = "iPhone Developer";
				FRAMEWORK_SEARCH_PATHS = (
					"$(inherited)",
					"$(PROJECT_DIR)/DLS/Librarys",
				);
				INFOPLIST_FILE = DLS/Info.plist;
				IPHONEOS_DEPLOYMENT_TARGET = 7;
				LD_RUNPATH_SEARCH_PATHS = "$(inherited) @executable_path/Frameworks";
				OTHER_LDFLAGS = "-ObjC";
				PRODUCT_NAME = "$(TARGET_NAME)";
				PROVISIONING_PROFILE = "";
			};
			name = Debug;
		};
		C9B85F831AA432E1008A56F0 /* Release */ = {
			isa = XCBuildConfiguration;
			buildSettings = {
				ASSETCATALOG_COMPILER_APPICON_NAME = AppIcon;
				ASSETCATALOG_COMPILER_LAUNCHIMAGE_NAME = LaunchImage;
				CODE_SIGN_IDENTITY = "iPhone Developer";
				"CODE_SIGN_IDENTITY[sdk=iphoneos*]" = "iPhone Developer";
				FRAMEWORK_SEARCH_PATHS = (
					"$(inherited)",
					"$(PROJECT_DIR)/DLS/Librarys",
				);
				INFOPLIST_FILE = DLS/Info.plist;
				IPHONEOS_DEPLOYMENT_TARGET = 7;
				LD_RUNPATH_SEARCH_PATHS = "$(inherited) @executable_path/Frameworks";
				OTHER_LDFLAGS = "-ObjC";
				PRODUCT_NAME = "$(TARGET_NAME)";
				PROVISIONING_PROFILE = "";
			};
			name = Release;
		};
		C9B85F851AA432E1008A56F0 /* Debug */ = {
			isa = XCBuildConfiguration;
			buildSettings = {
				BUNDLE_LOADER = "$(TEST_HOST)";
				FRAMEWORK_SEARCH_PATHS = (
					"$(SDKROOT)/Developer/Library/Frameworks",
					"$(inherited)",
				);
				GCC_PREPROCESSOR_DEFINITIONS = (
					"DEBUG=1",
					"$(inherited)",
				);
				INFOPLIST_FILE = DLSTests/Info.plist;
				LD_RUNPATH_SEARCH_PATHS = "$(inherited) @executable_path/Frameworks @loader_path/Frameworks";
				PRODUCT_NAME = "$(TARGET_NAME)";
				TEST_HOST = "$(BUILT_PRODUCTS_DIR)/DLS.app/DLS";
			};
			name = Debug;
		};
		C9B85F861AA432E1008A56F0 /* Release */ = {
			isa = XCBuildConfiguration;
			buildSettings = {
				BUNDLE_LOADER = "$(TEST_HOST)";
				FRAMEWORK_SEARCH_PATHS = (
					"$(SDKROOT)/Developer/Library/Frameworks",
					"$(inherited)",
				);
				INFOPLIST_FILE = DLSTests/Info.plist;
				LD_RUNPATH_SEARCH_PATHS = "$(inherited) @executable_path/Frameworks @loader_path/Frameworks";
				PRODUCT_NAME = "$(TARGET_NAME)";
				TEST_HOST = "$(BUILT_PRODUCTS_DIR)/DLS.app/DLS";
			};
			name = Release;
		};
/* End XCBuildConfiguration section */

/* Begin XCConfigurationList section */
		C9B85F591AA432E1008A56F0 /* Build configuration list for PBXProject "DLS" */ = {
			isa = XCConfigurationList;
			buildConfigurations = (
				C9B85F7F1AA432E1008A56F0 /* Debug */,
				C9B85F801AA432E1008A56F0 /* Release */,
			);
			defaultConfigurationIsVisible = 0;
			defaultConfigurationName = Release;
		};
		C9B85F811AA432E1008A56F0 /* Build configuration list for PBXNativeTarget "DLS" */ = {
			isa = XCConfigurationList;
			buildConfigurations = (
				C9B85F821AA432E1008A56F0 /* Debug */,
				C9B85F831AA432E1008A56F0 /* Release */,
			);
			defaultConfigurationIsVisible = 0;
			defaultConfigurationName = Release;
		};
		C9B85F841AA432E1008A56F0 /* Build configuration list for PBXNativeTarget "DLSTests" */ = {
			isa = XCConfigurationList;
			buildConfigurations = (
				C9B85F851AA432E1008A56F0 /* Debug */,
				C9B85F861AA432E1008A56F0 /* Release */,
			);
			defaultConfigurationIsVisible = 0;
			defaultConfigurationName = Release;
		};
/* End XCConfigurationList section */
	};
	rootObject = C9B85F561AA432E1008A56F0 /* Project object */;
}
